{
  "pins" : [
    {
      "identity" : "simple-network-service",
      "kind" : "remoteSourceControl",
      "location" : "https://github.com/ios-course/simple-network-service.git",
      "state" : {
        "branch" : "main",
        "revision" : "f7c176df3f70917532f51db734fc9075ce1728ec"
      }
    }
  ],
  "version" : 2
}
