{
  "pins" : [
    {
      "identity" : "simple-network-service",
      "kind" : "remoteSourceControl",
      "location" : "https://github.com/ios-course/simple-network-service.git",
      "state" : {
        "branch" : "main",
        "revision" : "38a65909c17cd96dc9ed157315542c60bb777db8"
      }
    }
  ],
  "version" : 2
}
