// !$*UTF8*$!
{
	archiveVersion = 1;
	classes = {
	};
	objectVersion = 56;
	objects = {

/* Begin PBXBuildFile section */
		1CE7E9C92A247CF1000A0509 /* KeyValueStorageInitTests.swift in Sources */ = {isa = PBXBuildFile; fileRef = 1CE7E9C82A247CF1000A0509 /* KeyValueStorageInitTests.swift */; };
		1CE7E9CC2A24889B000A0509 /* KeyValueStorage+UnitTests.swift in Sources */ = {isa = PBXBuildFile; fileRef = 1CE7E9CB2A24889B000A0509 /* KeyValueStorage+UnitTests.swift */; };
		36199B0F2A1FB1C900725FC8 /* KeyValueStorage+TestKey.swift in Sources */ = {isa = PBXBuildFile; fileRef = 36199B0E2A1FB1C900725FC8 /* KeyValueStorage+TestKey.swift */; };
		362732A22A1B800B0062E4B5 /* KeyValueStorageDeleteTests.swift in Sources */ = {isa = PBXBuildFile; fileRef = 362732A12A1B800A0062E4B5 /* KeyValueStorageDeleteTests.swift */; };
		362F63062A28A8B6002A659B /* OwnerProfileView.swift in Sources */ = {isa = PBXBuildFile; fileRef = 362F63052A28A8B6002A659B /* OwnerProfileView.swift */; };
		3673D6372A04F7FD009D699D /* Owner.swift in Sources */ = {isa = PBXBuildFile; fileRef = 3673D6362A04F7FD009D699D /* Owner.swift */; };
		368BF0EC2A152FA500F3F750 /* KeyValueStorage.swift in Sources */ = {isa = PBXBuildFile; fileRef = 368BF0EB2A152FA500F3F750 /* KeyValueStorage.swift */; };
		368BF0EF2A16103B00F3F750 /* KeyValueStorage.swift in Sources */ = {isa = PBXBuildFile; fileRef = 368BF0EB2A152FA500F3F750 /* KeyValueStorage.swift */; };
		368F66612A308D2600C8F69D /* PreferencesHandlerGetUserRoleTests.swift in Sources */ = {isa = PBXBuildFile; fileRef = 368F66602A308D2600C8F69D /* PreferencesHandlerGetUserRoleTests.swift */; };
		36BEA7582A1621B10020F6AE /* KeyValueStorageSaveTests.swift in Sources */ = {isa = PBXBuildFile; fileRef = 36BEA7572A1621B10020F6AE /* KeyValueStorageSaveTests.swift */; };
		36C06F5A2A2F5AA600B8EBDF /* PreferencesHandler.swift in Sources */ = {isa = PBXBuildFile; fileRef = 36C06F592A2F5AA600B8EBDF /* PreferencesHandler.swift */; };
		36C06F5C2A2F5DCB00B8EBDF /* PreferencesHandlerSetUserRoleTests.swift in Sources */ = {isa = PBXBuildFile; fileRef = 36C06F5B2A2F5DCB00B8EBDF /* PreferencesHandlerSetUserRoleTests.swift */; };
		36C06F5D2A2F5DDB00B8EBDF /* PreferencesHandler.swift in Sources */ = {isa = PBXBuildFile; fileRef = 36C06F592A2F5AA600B8EBDF /* PreferencesHandler.swift */; };
		36C54AFC2A17A79200748023 /* KeyValueStorageLoadTests.swift in Sources */ = {isa = PBXBuildFile; fileRef = 36C54AFB2A17A79200748023 /* KeyValueStorageLoadTests.swift */; };
		9308D6132A31EFE40086193D /* CapsuleWithWhiteText.swift in Sources */ = {isa = PBXBuildFile; fileRef = 9308D6122A31EFE40086193D /* CapsuleWithWhiteText.swift */; };
		9B2480392A3354D8000B66CD /* ClipboardTextTests.swift in Sources */ = {isa = PBXBuildFile; fileRef = 9B2480382A3354D8000B66CD /* ClipboardTextTests.swift */; };
		9B24803B2A336157000B66CD /* Sitter+Dummy.swift in Sources */ = {isa = PBXBuildFile; fileRef = FD1FA3CB2A0A781E000A3A91 /* Sitter+Dummy.swift */; };
		9B480A5F2A330F29001A5A71 /* CopyToClipboardLabel.swift in Sources */ = {isa = PBXBuildFile; fileRef = 9B6498A72A31E7CA00004FB3 /* CopyToClipboardLabel.swift */; };
		BA44C2FE2A31FA2D00193927 /* StarRating.swift in Sources */ = {isa = PBXBuildFile; fileRef = BAD0FC622A31D20800F59544 /* StarRating.swift */; };
		BA4561812A334A8A00C6E595 /* Stars.swift in Sources */ = {isa = PBXBuildFile; fileRef = BA4561802A334A8A00C6E595 /* Stars.swift */; };
		BA4561822A334D2D00C6E595 /* Stars.swift in Sources */ = {isa = PBXBuildFile; fileRef = BA4561802A334A8A00C6E595 /* Stars.swift */; };
		BAD0FC632A31D20800F59544 /* StarRating.swift in Sources */ = {isa = PBXBuildFile; fileRef = BAD0FC622A31D20800F59544 /* StarRating.swift */; };
		EF16BB1E2A24D5FA007922C6 /* OwnerCardView.swift in Sources */ = {isa = PBXBuildFile; fileRef = EF16BB1D2A24D5FA007922C6 /* OwnerCardView.swift */; };
		EF16BB262A24E101007922C6 /* Owner+Dummy.swift in Sources */ = {isa = PBXBuildFile; fileRef = EF16BB252A24E101007922C6 /* Owner+Dummy.swift */; };
		EF303EBE2A1762CF0086065B /* FiveStarRatingView.swift in Sources */ = {isa = PBXBuildFile; fileRef = EF303EBD2A1762CF0086065B /* FiveStarRatingView.swift */; };
		EF5A7F2F2A14504F00585616 /* DetailPetSitterViewModel.swift in Sources */ = {isa = PBXBuildFile; fileRef = EF5A7F2E2A14504F00585616 /* DetailPetSitterViewModel.swift */; };
		EF5A7F332A14563800585616 /* DetailedPetSitterView.swift in Sources */ = {isa = PBXBuildFile; fileRef = EF5A7F322A14563800585616 /* DetailedPetSitterView.swift */; };
		EF7B7F002A147D8300F00B4E /* TextWithIconLabelView.swift in Sources */ = {isa = PBXBuildFile; fileRef = EF7B7EFF2A147D8300F00B4E /* TextWithIconLabelView.swift */; };
		FD0291732A0E256F00F88377 /* GeneralInfoSectionView.swift in Sources */ = {isa = PBXBuildFile; fileRef = FD0291722A0E256F00F88377 /* GeneralInfoSectionView.swift */; };
		FD0291752A0E273500F88377 /* BioSectionView.swift in Sources */ = {isa = PBXBuildFile; fileRef = FD0291742A0E273500F88377 /* BioSectionView.swift */; };
		FD0291772A0E2B0700F88377 /* AppStyle+FontStyleTests.swift in Sources */ = {isa = PBXBuildFile; fileRef = FD0291762A0E2B0700F88377 /* AppStyle+FontStyleTests.swift */; };
		FD0291792A0E2B2300F88377 /* AppStyle+UIElementConstantTests.swift in Sources */ = {isa = PBXBuildFile; fileRef = FD0291782A0E2B2300F88377 /* AppStyle+UIElementConstantTests.swift */; };
		FD02917A2A0E2C5000F88377 /* AppStyle+FontStyle.swift in Sources */ = {isa = PBXBuildFile; fileRef = FD7F98A02A0E0E280058DBEB /* AppStyle+FontStyle.swift */; };
		FD02917B2A0E2C5300F88377 /* AppStyle+UIElementConstant.swift in Sources */ = {isa = PBXBuildFile; fileRef = FD7F98A22A0E10510058DBEB /* AppStyle+UIElementConstant.swift */; };
		FD02917C2A0E2CBC00F88377 /* AppStyle.swift in Sources */ = {isa = PBXBuildFile; fileRef = FD7F989E2A0E0D2C0058DBEB /* AppStyle.swift */; };
		FD14A2A52A277FA400362461 /* OwnerProfileViewModel.swift in Sources */ = {isa = PBXBuildFile; fileRef = FD14A2A42A277FA400362461 /* OwnerProfileViewModel.swift */; };
		FD14A2A72A27803600362461 /* KeyValueStorage+Name.swift in Sources */ = {isa = PBXBuildFile; fileRef = FD14A2A62A27803600362461 /* KeyValueStorage+Name.swift */; };
		FD14A2A92A27804F00362461 /* KeyValueStorage+Key.swift in Sources */ = {isa = PBXBuildFile; fileRef = FD14A2A82A27804F00362461 /* KeyValueStorage+Key.swift */; };
		FD14A2B12A286BB800362461 /* OwnerProfileViewModelTests.swift in Sources */ = {isa = PBXBuildFile; fileRef = FD14A2B02A286BB800362461 /* OwnerProfileViewModelTests.swift */; };
		FD14A2B22A286BBD00362461 /* OwnerProfileViewModel.swift in Sources */ = {isa = PBXBuildFile; fileRef = FD14A2A42A277FA400362461 /* OwnerProfileViewModel.swift */; };
		FD14A2B42A286C5200362461 /* KeyValueStorage+Name.swift in Sources */ = {isa = PBXBuildFile; fileRef = FD14A2A62A27803600362461 /* KeyValueStorage+Name.swift */; };
		FD14A2B52A286C5C00362461 /* KeyValueStorage+Key.swift in Sources */ = {isa = PBXBuildFile; fileRef = FD14A2A82A27804F00362461 /* KeyValueStorage+Key.swift */; };
		FD14A2B72A28709400362461 /* OwnerProfileViewModelSaveTests.swift in Sources */ = {isa = PBXBuildFile; fileRef = FD14A2B62A28709400362461 /* OwnerProfileViewModelSaveTests.swift */; };
		FD1FA3B52A090916000A3A91 /* Sitter.swift in Sources */ = {isa = PBXBuildFile; fileRef = FDD143CC2A03E575000BBA77 /* Sitter.swift */; };
		FD1FA3C32A0A682E000A3A91 /* SitterCardViewModel.swift in Sources */ = {isa = PBXBuildFile; fileRef = FD1FA3C22A0A682E000A3A91 /* SitterCardViewModel.swift */; };
		FD1FA3CC2A0A781E000A3A91 /* Sitter+Dummy.swift in Sources */ = {isa = PBXBuildFile; fileRef = FD1FA3CB2A0A781E000A3A91 /* Sitter+Dummy.swift */; };
		FD2F7B2D2A0CDC44008F6F49 /* EmilyDoeAvatar.jpg in Resources */ = {isa = PBXBuildFile; fileRef = FD2F7B2C2A0CDC44008F6F49 /* EmilyDoeAvatar.jpg */; };
		FD2F7B322A0CE029008F6F49 /* Sitter.swift in Sources */ = {isa = PBXBuildFile; fileRef = FDD143CC2A03E575000BBA77 /* Sitter.swift */; };
		FD2F7B332A0CE032008F6F49 /* Owner.swift in Sources */ = {isa = PBXBuildFile; fileRef = 3673D6362A04F7FD009D699D /* Owner.swift */; };
		FD2F7B342A0CE03B008F6F49 /* SitterCardViewModel.swift in Sources */ = {isa = PBXBuildFile; fileRef = FD1FA3C22A0A682E000A3A91 /* SitterCardViewModel.swift */; };
		FD2FA2292A129C53002B618B /* SitterListView.swift in Sources */ = {isa = PBXBuildFile; fileRef = FD2FA2282A129C53002B618B /* SitterListView.swift */; };
		FD2FA22B2A129CA1002B618B /* SitterListViewModel.swift in Sources */ = {isa = PBXBuildFile; fileRef = FD2FA22A2A129CA1002B618B /* SitterListViewModel.swift */; };
		FD2FA2382A13BA20002B618B /* OliviaDavisAvatar.jpg in Resources */ = {isa = PBXBuildFile; fileRef = FD2FA2312A13BA20002B618B /* OliviaDavisAvatar.jpg */; };
		FD2FA2392A13BA20002B618B /* MichaelBrownAvatar.jpg in Resources */ = {isa = PBXBuildFile; fileRef = FD2FA2322A13BA20002B618B /* MichaelBrownAvatar.jpg */; };
		FD2FA23A2A13BA20002B618B /* AvaMooreAvatar.jpg in Resources */ = {isa = PBXBuildFile; fileRef = FD2FA2332A13BA20002B618B /* AvaMooreAvatar.jpg */; };
		FD2FA23B2A13BA20002B618B /* JaneSmithAvatar.jpg in Resources */ = {isa = PBXBuildFile; fileRef = FD2FA2342A13BA20002B618B /* JaneSmithAvatar.jpg */; };
		FD2FA23C2A13BA20002B618B /* JamesAndersonAvatar.jpg in Resources */ = {isa = PBXBuildFile; fileRef = FD2FA2352A13BA20002B618B /* JamesAndersonAvatar.jpg */; };
		FD2FA23D2A13BA20002B618B /* WilliamWilsonAvatar.jpg in Resources */ = {isa = PBXBuildFile; fileRef = FD2FA2362A13BA20002B618B /* WilliamWilsonAvatar.jpg */; };
		FD2FA23E2A13BA20002B618B /* JohnAlisonAvatar.jpg in Resources */ = {isa = PBXBuildFile; fileRef = FD2FA2372A13BA20002B618B /* JohnAlisonAvatar.jpg */; };
		FD2FA2402A13BE87002B618B /* SophiaTaylorAvatar.jpg in Resources */ = {isa = PBXBuildFile; fileRef = FD2FA23F2A13BE87002B618B /* SophiaTaylorAvatar.jpg */; };
		FD37A9902A0B65120001BABB /* DataTransformer.swift in Sources */ = {isa = PBXBuildFile; fileRef = FD37A98F2A0B65120001BABB /* DataTransformer.swift */; };
		FD37A9942A0B6E960001BABB /* FullNameTests.swift in Sources */ = {isa = PBXBuildFile; fileRef = FD37A9932A0B6E960001BABB /* FullNameTests.swift */; };
		FD37A9952A0B6EA90001BABB /* DataTransformer.swift in Sources */ = {isa = PBXBuildFile; fileRef = FD37A98F2A0B65120001BABB /* DataTransformer.swift */; };
		FD37A9982A0B77A90001BABB /* FiveStarRatingTests.swift in Sources */ = {isa = PBXBuildFile; fileRef = FD37A9972A0B77A90001BABB /* FiveStarRatingTests.swift */; };
		FD6A2E5D2A2EF69500934C3E /* SitterMainTabView.swift in Sources */ = {isa = PBXBuildFile; fileRef = FD6A2E5C2A2EF69500934C3E /* SitterMainTabView.swift */; };
		FD6A2E5F2A2EF6C200934C3E /* SitterMainTabView+Tab.swift in Sources */ = {isa = PBXBuildFile; fileRef = FD6A2E5E2A2EF6C200934C3E /* SitterMainTabView+Tab.swift */; };
		FD6A2E612A2F067E00934C3E /* KeyValueStorage+KeyTests.swift in Sources */ = {isa = PBXBuildFile; fileRef = FD6A2E602A2F067E00934C3E /* KeyValueStorage+KeyTests.swift */; };
		FD6A2E632A2F072F00934C3E /* KeyValueStorage+NameTests.swift in Sources */ = {isa = PBXBuildFile; fileRef = FD6A2E622A2F072F00934C3E /* KeyValueStorage+NameTests.swift */; };
		FD7F989D2A0E04650058DBEB /* SitterCardView.swift in Sources */ = {isa = PBXBuildFile; fileRef = FD7F989C2A0E04650058DBEB /* SitterCardView.swift */; };
		FD7F989F2A0E0D2C0058DBEB /* AppStyle.swift in Sources */ = {isa = PBXBuildFile; fileRef = FD7F989E2A0E0D2C0058DBEB /* AppStyle.swift */; };
		FD7F98A12A0E0E280058DBEB /* AppStyle+FontStyle.swift in Sources */ = {isa = PBXBuildFile; fileRef = FD7F98A02A0E0E280058DBEB /* AppStyle+FontStyle.swift */; };
		FD7F98A32A0E10510058DBEB /* AppStyle+UIElementConstant.swift in Sources */ = {isa = PBXBuildFile; fileRef = FD7F98A22A0E10510058DBEB /* AppStyle+UIElementConstant.swift */; };
		FD7F98A52A0E12290058DBEB /* AvatarView.swift in Sources */ = {isa = PBXBuildFile; fileRef = FD7F98A42A0E12290058DBEB /* AvatarView.swift */; };
		FD8182302A20C3C300AE1016 /* KeyValueStorage+TestData.swift in Sources */ = {isa = PBXBuildFile; fileRef = FD81822F2A20C3C300AE1016 /* KeyValueStorage+TestData.swift */; };
		FD9802282A287670003DEE5C /* OwnerProfileViewModelGetTests.swift in Sources */ = {isa = PBXBuildFile; fileRef = FD9802272A287670003DEE5C /* OwnerProfileViewModelGetTests.swift */; };
		FD98022A2A2878C1003DEE5C /* Owner+Test.swift in Sources */ = {isa = PBXBuildFile; fileRef = FD9802292A2878C1003DEE5C /* Owner+Test.swift */; };
		FDCF49132A1CDA8800CD3BBB /* DetailPetSitterViewModelTests.swift in Sources */ = {isa = PBXBuildFile; fileRef = FDCF49122A1CDA8800CD3BBB /* DetailPetSitterViewModelTests.swift */; };
		FDCF49142A1CDB1600CD3BBB /* DetailPetSitterViewModel.swift in Sources */ = {isa = PBXBuildFile; fileRef = EF5A7F2E2A14504F00585616 /* DetailPetSitterViewModel.swift */; };
		FDD143C72A03BD48000BBA77 /* OwnerMainTabView.swift in Sources */ = {isa = PBXBuildFile; fileRef = FDD143C62A03BD48000BBA77 /* OwnerMainTabView.swift */; };
		FDD143CB2A03C629000BBA77 /* Color+AppScheme.swift in Sources */ = {isa = PBXBuildFile; fileRef = FDD143CA2A03C629000BBA77 /* Color+AppScheme.swift */; };
		FDD143E02A051F96000BBA77 /* OwnerMainTabView+Tab.swift in Sources */ = {isa = PBXBuildFile; fileRef = FDD143DF2A051F96000BBA77 /* OwnerMainTabView+Tab.swift */; };
		FDD143E22A05233B000BBA77 /* String+IconName.swift in Sources */ = {isa = PBXBuildFile; fileRef = FDD143E12A05233B000BBA77 /* String+IconName.swift */; };
		FDD143F72A052A11000BBA77 /* Color+AppSchemeTests.swift in Sources */ = {isa = PBXBuildFile; fileRef = FDD143F62A052A11000BBA77 /* Color+AppSchemeTests.swift */; };
		FDD143FE2A052D5A000BBA77 /* Color+AppScheme.swift in Sources */ = {isa = PBXBuildFile; fileRef = FDD143CA2A03C629000BBA77 /* Color+AppScheme.swift */; };
		FDD143FF2A052D5E000BBA77 /* String+IconName.swift in Sources */ = {isa = PBXBuildFile; fileRef = FDD143E12A05233B000BBA77 /* String+IconName.swift */; };
		FDD144012A0532D5000BBA77 /* String+IconNameTests.swift in Sources */ = {isa = PBXBuildFile; fileRef = FDD144002A0532D5000BBA77 /* String+IconNameTests.swift */; };
		FDDDA6882A25C3FE00839091 /* EditOwnerInformationView.swift in Sources */ = {isa = PBXBuildFile; fileRef = FDDDA6872A25C3FE00839091 /* EditOwnerInformationView.swift */; };
		FDE0CEA92A00F8370023F784 /* WoofApp.swift in Sources */ = {isa = PBXBuildFile; fileRef = FDE0CEA82A00F8370023F784 /* WoofApp.swift */; };
		FDE0CEAD2A00F8390023F784 /* Assets.xcassets in Resources */ = {isa = PBXBuildFile; fileRef = FDE0CEAC2A00F8390023F784 /* Assets.xcassets */; };
		FDE0CEB02A00F8390023F784 /* Preview Assets.xcassets in Resources */ = {isa = PBXBuildFile; fileRef = FDE0CEAF2A00F8390023F784 /* Preview Assets.xcassets */; };
		FDEE43C92A2F45B8007DE0A9 /* Preferences.swift in Sources */ = {isa = PBXBuildFile; fileRef = FDEE43C82A2F45B8007DE0A9 /* Preferences.swift */; };
		FDEE43CB2A2F4602007DE0A9 /* Role.swift in Sources */ = {isa = PBXBuildFile; fileRef = FDEE43CA2A2F4602007DE0A9 /* Role.swift */; };
		FDEE43CD2A2F4E51007DE0A9 /* PreferencesTests.swift in Sources */ = {isa = PBXBuildFile; fileRef = FDEE43CC2A2F4E51007DE0A9 /* PreferencesTests.swift */; };
		FDEE43CE2A2F4E56007DE0A9 /* Preferences.swift in Sources */ = {isa = PBXBuildFile; fileRef = FDEE43C82A2F45B8007DE0A9 /* Preferences.swift */; };
		FDEE43CF2A2F4E58007DE0A9 /* Role.swift in Sources */ = {isa = PBXBuildFile; fileRef = FDEE43CA2A2F4602007DE0A9 /* Role.swift */; };
		FDEE43D12A2F525B007DE0A9 /* RoleTests.swift in Sources */ = {isa = PBXBuildFile; fileRef = FDEE43D02A2F525B007DE0A9 /* RoleTests.swift */; };
		FDEE43E02A386291007DE0A9 /* StartScreenViewModel.swift in Sources */ = {isa = PBXBuildFile; fileRef = FDEE43DF2A386291007DE0A9 /* StartScreenViewModel.swift */; };
		FDEE43E22A38884A007DE0A9 /* StartScreenViewModelTests.swift in Sources */ = {isa = PBXBuildFile; fileRef = FDEE43E12A38884A007DE0A9 /* StartScreenViewModelTests.swift */; };
		FDEE43E32A388854007DE0A9 /* StartScreenViewModel.swift in Sources */ = {isa = PBXBuildFile; fileRef = FDEE43DF2A386291007DE0A9 /* StartScreenViewModel.swift */; };
/* End PBXBuildFile section */

/* Begin PBXContainerItemProxy section */
		FDD143F82A052A11000BBA77 /* PBXContainerItemProxy */ = {
			isa = PBXContainerItemProxy;
			containerPortal = FDE0CE9D2A00F8370023F784 /* Project object */;
			proxyType = 1;
			remoteGlobalIDString = FDE0CEA42A00F8370023F784;
			remoteInfo = Woof;
		};
/* End PBXContainerItemProxy section */

/* Begin PBXFileReference section */
		1CE7E9C82A247CF1000A0509 /* KeyValueStorageInitTests.swift */ = {isa = PBXFileReference; lastKnownFileType = sourcecode.swift; path = KeyValueStorageInitTests.swift; sourceTree = "<group>"; };
		1CE7E9CB2A24889B000A0509 /* KeyValueStorage+UnitTests.swift */ = {isa = PBXFileReference; lastKnownFileType = sourcecode.swift; path = "KeyValueStorage+UnitTests.swift"; sourceTree = "<group>"; };
		36199B0E2A1FB1C900725FC8 /* KeyValueStorage+TestKey.swift */ = {isa = PBXFileReference; lastKnownFileType = sourcecode.swift; path = "KeyValueStorage+TestKey.swift"; sourceTree = "<group>"; };
		362732A12A1B800A0062E4B5 /* KeyValueStorageDeleteTests.swift */ = {isa = PBXFileReference; lastKnownFileType = sourcecode.swift; path = KeyValueStorageDeleteTests.swift; sourceTree = "<group>"; };
		362F63052A28A8B6002A659B /* OwnerProfileView.swift */ = {isa = PBXFileReference; lastKnownFileType = sourcecode.swift; path = OwnerProfileView.swift; sourceTree = "<group>"; };
		3673D6362A04F7FD009D699D /* Owner.swift */ = {isa = PBXFileReference; lastKnownFileType = sourcecode.swift; path = Owner.swift; sourceTree = "<group>"; };
		368BF0EB2A152FA500F3F750 /* KeyValueStorage.swift */ = {isa = PBXFileReference; lastKnownFileType = sourcecode.swift; path = KeyValueStorage.swift; sourceTree = "<group>"; };
		368F66602A308D2600C8F69D /* PreferencesHandlerGetUserRoleTests.swift */ = {isa = PBXFileReference; lastKnownFileType = sourcecode.swift; path = PreferencesHandlerGetUserRoleTests.swift; sourceTree = "<group>"; };
		36BEA7572A1621B10020F6AE /* KeyValueStorageSaveTests.swift */ = {isa = PBXFileReference; lastKnownFileType = sourcecode.swift; path = KeyValueStorageSaveTests.swift; sourceTree = "<group>"; };
		36C06F592A2F5AA600B8EBDF /* PreferencesHandler.swift */ = {isa = PBXFileReference; lastKnownFileType = sourcecode.swift; path = PreferencesHandler.swift; sourceTree = "<group>"; };
		36C06F5B2A2F5DCB00B8EBDF /* PreferencesHandlerSetUserRoleTests.swift */ = {isa = PBXFileReference; lastKnownFileType = sourcecode.swift; path = PreferencesHandlerSetUserRoleTests.swift; sourceTree = "<group>"; };
		36C54AFB2A17A79200748023 /* KeyValueStorageLoadTests.swift */ = {isa = PBXFileReference; lastKnownFileType = sourcecode.swift; path = KeyValueStorageLoadTests.swift; sourceTree = "<group>"; };
		9308D6122A31EFE40086193D /* CapsuleWithWhiteText.swift */ = {isa = PBXFileReference; lastKnownFileType = sourcecode.swift; path = CapsuleWithWhiteText.swift; sourceTree = "<group>"; };
		9B2480382A3354D8000B66CD /* ClipboardTextTests.swift */ = {isa = PBXFileReference; lastKnownFileType = sourcecode.swift; path = ClipboardTextTests.swift; sourceTree = "<group>"; };
		9B6498A72A31E7CA00004FB3 /* CopyToClipboardLabel.swift */ = {isa = PBXFileReference; lastKnownFileType = sourcecode.swift; path = CopyToClipboardLabel.swift; sourceTree = "<group>"; };
		BA4561802A334A8A00C6E595 /* Stars.swift */ = {isa = PBXFileReference; lastKnownFileType = sourcecode.swift; path = Stars.swift; sourceTree = "<group>"; };
		BAD0FC622A31D20800F59544 /* StarRating.swift */ = {isa = PBXFileReference; lastKnownFileType = sourcecode.swift; path = StarRating.swift; sourceTree = "<group>"; };
		EF16BB1D2A24D5FA007922C6 /* OwnerCardView.swift */ = {isa = PBXFileReference; lastKnownFileType = sourcecode.swift; path = OwnerCardView.swift; sourceTree = "<group>"; };
		EF16BB252A24E101007922C6 /* Owner+Dummy.swift */ = {isa = PBXFileReference; lastKnownFileType = sourcecode.swift; path = "Owner+Dummy.swift"; sourceTree = "<group>"; };
		EF303EBD2A1762CF0086065B /* FiveStarRatingView.swift */ = {isa = PBXFileReference; lastKnownFileType = sourcecode.swift; path = FiveStarRatingView.swift; sourceTree = "<group>"; };
		EF5A7F2E2A14504F00585616 /* DetailPetSitterViewModel.swift */ = {isa = PBXFileReference; lastKnownFileType = sourcecode.swift; path = DetailPetSitterViewModel.swift; sourceTree = "<group>"; };
		EF5A7F322A14563800585616 /* DetailedPetSitterView.swift */ = {isa = PBXFileReference; lastKnownFileType = sourcecode.swift; path = DetailedPetSitterView.swift; sourceTree = "<group>"; };
		EF7B7EFF2A147D8300F00B4E /* TextWithIconLabelView.swift */ = {isa = PBXFileReference; lastKnownFileType = sourcecode.swift; path = TextWithIconLabelView.swift; sourceTree = "<group>"; };
		FD0291722A0E256F00F88377 /* GeneralInfoSectionView.swift */ = {isa = PBXFileReference; lastKnownFileType = sourcecode.swift; path = GeneralInfoSectionView.swift; sourceTree = "<group>"; };
		FD0291742A0E273500F88377 /* BioSectionView.swift */ = {isa = PBXFileReference; lastKnownFileType = sourcecode.swift; path = BioSectionView.swift; sourceTree = "<group>"; };
		FD0291762A0E2B0700F88377 /* AppStyle+FontStyleTests.swift */ = {isa = PBXFileReference; lastKnownFileType = sourcecode.swift; path = "AppStyle+FontStyleTests.swift"; sourceTree = "<group>"; };
		FD0291782A0E2B2300F88377 /* AppStyle+UIElementConstantTests.swift */ = {isa = PBXFileReference; lastKnownFileType = sourcecode.swift; path = "AppStyle+UIElementConstantTests.swift"; sourceTree = "<group>"; };
		FD14A2A42A277FA400362461 /* OwnerProfileViewModel.swift */ = {isa = PBXFileReference; lastKnownFileType = sourcecode.swift; path = OwnerProfileViewModel.swift; sourceTree = "<group>"; };
		FD14A2A62A27803600362461 /* KeyValueStorage+Name.swift */ = {isa = PBXFileReference; lastKnownFileType = sourcecode.swift; path = "KeyValueStorage+Name.swift"; sourceTree = "<group>"; };
		FD14A2A82A27804F00362461 /* KeyValueStorage+Key.swift */ = {isa = PBXFileReference; lastKnownFileType = sourcecode.swift; path = "KeyValueStorage+Key.swift"; sourceTree = "<group>"; };
		FD14A2B02A286BB800362461 /* OwnerProfileViewModelTests.swift */ = {isa = PBXFileReference; lastKnownFileType = sourcecode.swift; path = OwnerProfileViewModelTests.swift; sourceTree = "<group>"; };
		FD14A2B62A28709400362461 /* OwnerProfileViewModelSaveTests.swift */ = {isa = PBXFileReference; lastKnownFileType = sourcecode.swift; path = OwnerProfileViewModelSaveTests.swift; sourceTree = "<group>"; };
		FD1FA3C22A0A682E000A3A91 /* SitterCardViewModel.swift */ = {isa = PBXFileReference; lastKnownFileType = sourcecode.swift; path = SitterCardViewModel.swift; sourceTree = "<group>"; };
		FD1FA3CB2A0A781E000A3A91 /* Sitter+Dummy.swift */ = {isa = PBXFileReference; lastKnownFileType = sourcecode.swift; path = "Sitter+Dummy.swift"; sourceTree = "<group>"; };
		FD2F7B2C2A0CDC44008F6F49 /* EmilyDoeAvatar.jpg */ = {isa = PBXFileReference; lastKnownFileType = image.jpeg; path = EmilyDoeAvatar.jpg; sourceTree = "<group>"; };
		FD2FA2282A129C53002B618B /* SitterListView.swift */ = {isa = PBXFileReference; lastKnownFileType = sourcecode.swift; path = SitterListView.swift; sourceTree = "<group>"; };
		FD2FA22A2A129CA1002B618B /* SitterListViewModel.swift */ = {isa = PBXFileReference; lastKnownFileType = sourcecode.swift; path = SitterListViewModel.swift; sourceTree = "<group>"; };
		FD2FA2312A13BA20002B618B /* OliviaDavisAvatar.jpg */ = {isa = PBXFileReference; lastKnownFileType = image.jpeg; path = OliviaDavisAvatar.jpg; sourceTree = "<group>"; };
		FD2FA2322A13BA20002B618B /* MichaelBrownAvatar.jpg */ = {isa = PBXFileReference; lastKnownFileType = image.jpeg; path = MichaelBrownAvatar.jpg; sourceTree = "<group>"; };
		FD2FA2332A13BA20002B618B /* AvaMooreAvatar.jpg */ = {isa = PBXFileReference; lastKnownFileType = image.jpeg; path = AvaMooreAvatar.jpg; sourceTree = "<group>"; };
		FD2FA2342A13BA20002B618B /* JaneSmithAvatar.jpg */ = {isa = PBXFileReference; lastKnownFileType = image.jpeg; path = JaneSmithAvatar.jpg; sourceTree = "<group>"; };
		FD2FA2352A13BA20002B618B /* JamesAndersonAvatar.jpg */ = {isa = PBXFileReference; lastKnownFileType = image.jpeg; path = JamesAndersonAvatar.jpg; sourceTree = "<group>"; };
		FD2FA2362A13BA20002B618B /* WilliamWilsonAvatar.jpg */ = {isa = PBXFileReference; lastKnownFileType = image.jpeg; path = WilliamWilsonAvatar.jpg; sourceTree = "<group>"; };
		FD2FA2372A13BA20002B618B /* JohnAlisonAvatar.jpg */ = {isa = PBXFileReference; lastKnownFileType = image.jpeg; path = JohnAlisonAvatar.jpg; sourceTree = "<group>"; };
		FD2FA23F2A13BE87002B618B /* SophiaTaylorAvatar.jpg */ = {isa = PBXFileReference; lastKnownFileType = image.jpeg; path = SophiaTaylorAvatar.jpg; sourceTree = "<group>"; };
		FD37A98F2A0B65120001BABB /* DataTransformer.swift */ = {isa = PBXFileReference; lastKnownFileType = sourcecode.swift; path = DataTransformer.swift; sourceTree = "<group>"; };
		FD37A9932A0B6E960001BABB /* FullNameTests.swift */ = {isa = PBXFileReference; lastKnownFileType = sourcecode.swift; path = FullNameTests.swift; sourceTree = "<group>"; };
		FD37A9972A0B77A90001BABB /* FiveStarRatingTests.swift */ = {isa = PBXFileReference; lastKnownFileType = sourcecode.swift; path = FiveStarRatingTests.swift; sourceTree = "<group>"; };
		FD6A2E5C2A2EF69500934C3E /* SitterMainTabView.swift */ = {isa = PBXFileReference; lastKnownFileType = sourcecode.swift; path = SitterMainTabView.swift; sourceTree = "<group>"; };
		FD6A2E5E2A2EF6C200934C3E /* SitterMainTabView+Tab.swift */ = {isa = PBXFileReference; lastKnownFileType = sourcecode.swift; path = "SitterMainTabView+Tab.swift"; sourceTree = "<group>"; };
		FD6A2E602A2F067E00934C3E /* KeyValueStorage+KeyTests.swift */ = {isa = PBXFileReference; lastKnownFileType = sourcecode.swift; path = "KeyValueStorage+KeyTests.swift"; sourceTree = "<group>"; };
		FD6A2E622A2F072F00934C3E /* KeyValueStorage+NameTests.swift */ = {isa = PBXFileReference; lastKnownFileType = sourcecode.swift; path = "KeyValueStorage+NameTests.swift"; sourceTree = "<group>"; };
		FD7F989C2A0E04650058DBEB /* SitterCardView.swift */ = {isa = PBXFileReference; lastKnownFileType = sourcecode.swift; path = SitterCardView.swift; sourceTree = "<group>"; };
		FD7F989E2A0E0D2C0058DBEB /* AppStyle.swift */ = {isa = PBXFileReference; lastKnownFileType = sourcecode.swift; path = AppStyle.swift; sourceTree = "<group>"; };
		FD7F98A02A0E0E280058DBEB /* AppStyle+FontStyle.swift */ = {isa = PBXFileReference; lastKnownFileType = sourcecode.swift; path = "AppStyle+FontStyle.swift"; sourceTree = "<group>"; };
		FD7F98A22A0E10510058DBEB /* AppStyle+UIElementConstant.swift */ = {isa = PBXFileReference; lastKnownFileType = sourcecode.swift; path = "AppStyle+UIElementConstant.swift"; sourceTree = "<group>"; };
		FD7F98A42A0E12290058DBEB /* AvatarView.swift */ = {isa = PBXFileReference; lastKnownFileType = sourcecode.swift; path = AvatarView.swift; sourceTree = "<group>"; };
		FD81822F2A20C3C300AE1016 /* KeyValueStorage+TestData.swift */ = {isa = PBXFileReference; lastKnownFileType = sourcecode.swift; path = "KeyValueStorage+TestData.swift"; sourceTree = "<group>"; };
		FD9802272A287670003DEE5C /* OwnerProfileViewModelGetTests.swift */ = {isa = PBXFileReference; lastKnownFileType = sourcecode.swift; path = OwnerProfileViewModelGetTests.swift; sourceTree = "<group>"; };
		FD9802292A2878C1003DEE5C /* Owner+Test.swift */ = {isa = PBXFileReference; lastKnownFileType = sourcecode.swift; path = "Owner+Test.swift"; sourceTree = "<group>"; };
		FDCF49122A1CDA8800CD3BBB /* DetailPetSitterViewModelTests.swift */ = {isa = PBXFileReference; lastKnownFileType = sourcecode.swift; name = DetailPetSitterViewModelTests.swift; path = WoofTests/ViewModel/DetailPetSitterViewModel/DetailPetSitterViewModelTests.swift; sourceTree = SOURCE_ROOT; };
		FDD143C62A03BD48000BBA77 /* OwnerMainTabView.swift */ = {isa = PBXFileReference; lastKnownFileType = sourcecode.swift; path = OwnerMainTabView.swift; sourceTree = "<group>"; };
		FDD143CA2A03C629000BBA77 /* Color+AppScheme.swift */ = {isa = PBXFileReference; lastKnownFileType = sourcecode.swift; path = "Color+AppScheme.swift"; sourceTree = "<group>"; };
		FDD143CC2A03E575000BBA77 /* Sitter.swift */ = {isa = PBXFileReference; lastKnownFileType = sourcecode.swift; path = Sitter.swift; sourceTree = "<group>"; };
		FDD143DF2A051F96000BBA77 /* OwnerMainTabView+Tab.swift */ = {isa = PBXFileReference; lastKnownFileType = sourcecode.swift; path = "OwnerMainTabView+Tab.swift"; sourceTree = "<group>"; };
		FDD143E12A05233B000BBA77 /* String+IconName.swift */ = {isa = PBXFileReference; lastKnownFileType = sourcecode.swift; path = "String+IconName.swift"; sourceTree = "<group>"; };
		FDD143F42A052A11000BBA77 /* WoofTests.xctest */ = {isa = PBXFileReference; explicitFileType = wrapper.cfbundle; includeInIndex = 0; path = WoofTests.xctest; sourceTree = BUILT_PRODUCTS_DIR; };
		FDD143F62A052A11000BBA77 /* Color+AppSchemeTests.swift */ = {isa = PBXFileReference; lastKnownFileType = sourcecode.swift; path = "Color+AppSchemeTests.swift"; sourceTree = "<group>"; };
		FDD144002A0532D5000BBA77 /* String+IconNameTests.swift */ = {isa = PBXFileReference; lastKnownFileType = sourcecode.swift; path = "String+IconNameTests.swift"; sourceTree = "<group>"; };
		FDDDA6872A25C3FE00839091 /* EditOwnerInformationView.swift */ = {isa = PBXFileReference; lastKnownFileType = sourcecode.swift; path = EditOwnerInformationView.swift; sourceTree = "<group>"; };
		FDE0CEA52A00F8370023F784 /* Woof.app */ = {isa = PBXFileReference; explicitFileType = wrapper.application; includeInIndex = 0; path = Woof.app; sourceTree = BUILT_PRODUCTS_DIR; };
		FDE0CEA82A00F8370023F784 /* WoofApp.swift */ = {isa = PBXFileReference; lastKnownFileType = sourcecode.swift; path = WoofApp.swift; sourceTree = "<group>"; };
		FDE0CEAC2A00F8390023F784 /* Assets.xcassets */ = {isa = PBXFileReference; lastKnownFileType = folder.assetcatalog; path = Assets.xcassets; sourceTree = "<group>"; };
		FDE0CEAF2A00F8390023F784 /* Preview Assets.xcassets */ = {isa = PBXFileReference; lastKnownFileType = folder.assetcatalog; path = "Preview Assets.xcassets"; sourceTree = "<group>"; };
		FDEE43C82A2F45B8007DE0A9 /* Preferences.swift */ = {isa = PBXFileReference; lastKnownFileType = sourcecode.swift; path = Preferences.swift; sourceTree = "<group>"; };
		FDEE43CA2A2F4602007DE0A9 /* Role.swift */ = {isa = PBXFileReference; lastKnownFileType = sourcecode.swift; path = Role.swift; sourceTree = "<group>"; };
		FDEE43CC2A2F4E51007DE0A9 /* PreferencesTests.swift */ = {isa = PBXFileReference; lastKnownFileType = sourcecode.swift; path = PreferencesTests.swift; sourceTree = "<group>"; };
		FDEE43D02A2F525B007DE0A9 /* RoleTests.swift */ = {isa = PBXFileReference; lastKnownFileType = sourcecode.swift; path = RoleTests.swift; sourceTree = "<group>"; };
		FDEE43DF2A386291007DE0A9 /* StartScreenViewModel.swift */ = {isa = PBXFileReference; lastKnownFileType = sourcecode.swift; path = StartScreenViewModel.swift; sourceTree = "<group>"; };
		FDEE43E12A38884A007DE0A9 /* StartScreenViewModelTests.swift */ = {isa = PBXFileReference; lastKnownFileType = sourcecode.swift; path = StartScreenViewModelTests.swift; sourceTree = "<group>"; };
/* End PBXFileReference section */

/* Begin PBXFrameworksBuildPhase section */
		FDD143F12A052A11000BBA77 /* Frameworks */ = {
			isa = PBXFrameworksBuildPhase;
			buildActionMask = 2147483647;
			files = (
			);
			runOnlyForDeploymentPostprocessing = 0;
		};
		FDE0CEA22A00F8370023F784 /* Frameworks */ = {
			isa = PBXFrameworksBuildPhase;
			buildActionMask = 2147483647;
			files = (
			);
			runOnlyForDeploymentPostprocessing = 0;
		};
/* End PBXFrameworksBuildPhase section */

/* Begin PBXGroup section */
		1CE7E9CA2A248875000A0509 /* Extensions */ = {
			isa = PBXGroup;
			children = (
				1CE7E9CB2A24889B000A0509 /* KeyValueStorage+UnitTests.swift */,
			);
			path = Extensions;
			sourceTree = "<group>";
		};
		36BEA7592A1621B70020F6AE /* Model */ = {
			isa = PBXGroup;
			children = (
				36BEA75A2A1621C00020F6AE /* KeyValueStorage */,
				FDEE43D22A2F5512007DE0A9 /* Preferences */,
			);
			path = Model;
			sourceTree = "<group>";
		};
		36BEA75A2A1621C00020F6AE /* KeyValueStorage */ = {
			isa = PBXGroup;
			children = (
				1CE7E9C82A247CF1000A0509 /* KeyValueStorageInitTests.swift */,
				FD6A2E602A2F067E00934C3E /* KeyValueStorage+KeyTests.swift */,
				FD6A2E622A2F072F00934C3E /* KeyValueStorage+NameTests.swift */,
				36BEA7572A1621B10020F6AE /* KeyValueStorageSaveTests.swift */,
				36C54AFB2A17A79200748023 /* KeyValueStorageLoadTests.swift */,
				362732A12A1B800A0062E4B5 /* KeyValueStorageDeleteTests.swift */,
				FD81822B2A206B0100AE1016 /* TestData */,
				1CE7E9CA2A248875000A0509 /* Extensions */,
			);
			path = KeyValueStorage;
			sourceTree = "<group>";
		};
		36C54AFA2A1631CC00748023 /* KeyValueStorage */ = {
			isa = PBXGroup;
			children = (
				368BF0EB2A152FA500F3F750 /* KeyValueStorage.swift */,
				FD14A2A62A27803600362461 /* KeyValueStorage+Name.swift */,
				FD14A2A82A27804F00362461 /* KeyValueStorage+Key.swift */,
			);
			path = KeyValueStorage;
			sourceTree = "<group>";
		};
		93B21C2D2A31EA1200610D82 /* ButtonStyle */ = {
			isa = PBXGroup;
			children = (
				9308D6122A31EFE40086193D /* CapsuleWithWhiteText.swift */,
			);
			path = ButtonStyle;
			sourceTree = "<group>";
		};
		9B24803A2A33550A000B66CD /* DetailPetSitterViewModel */ = {
			isa = PBXGroup;
			children = (
				FDCF49122A1CDA8800CD3BBB /* DetailPetSitterViewModelTests.swift */,
				9B2480382A3354D8000B66CD /* ClipboardTextTests.swift */,
			);
			path = DetailPetSitterViewModel;
			sourceTree = "<group>";
		};
		BAD0FC612A31D1F800F59544 /* Rating */ = {
			isa = PBXGroup;
			children = (
				BAD0FC622A31D20800F59544 /* StarRating.swift */,
				BA4561802A334A8A00C6E595 /* Stars.swift */,
			);
			path = Rating;
			sourceTree = "<group>";
		};
		EF303EBF2A17AFA20086065B /* ReusableViews */ = {
			isa = PBXGroup;
			children = (
				93B21C2D2A31EA1200610D82 /* ButtonStyle */,
				EF7B7EFF2A147D8300F00B4E /* TextWithIconLabelView.swift */,
				EF303EBD2A1762CF0086065B /* FiveStarRatingView.swift */,
				FD7F98A42A0E12290058DBEB /* AvatarView.swift */,
				9B6498A72A31E7CA00004FB3 /* CopyToClipboardLabel.swift */,
			);
			path = ReusableViews;
			sourceTree = "<group>";
		};
		EF5A7F312A14561000585616 /* DetailedPetSitterView */ = {
			isa = PBXGroup;
			children = (
				EF5A7F322A14563800585616 /* DetailedPetSitterView.swift */,
			);
			path = DetailedPetSitterView;
			sourceTree = "<group>";
		};
		FD0291702A0E16D000F88377 /* AppStyle */ = {
			isa = PBXGroup;
			children = (
				FD7F989E2A0E0D2C0058DBEB /* AppStyle.swift */,
				FD7F98A02A0E0E280058DBEB /* AppStyle+FontStyle.swift */,
				FD7F98A22A0E10510058DBEB /* AppStyle+UIElementConstant.swift */,
				FDD143CA2A03C629000BBA77 /* Color+AppScheme.swift */,
				FDD143E12A05233B000BBA77 /* String+IconName.swift */,
			);
			path = AppStyle;
			sourceTree = "<group>";
		};
		FD0291712A0E16DF00F88377 /* AppStyleTests */ = {
			isa = PBXGroup;
			children = (
				FDD143F62A052A11000BBA77 /* Color+AppSchemeTests.swift */,
				FDD144002A0532D5000BBA77 /* String+IconNameTests.swift */,
				FD0291762A0E2B0700F88377 /* AppStyle+FontStyleTests.swift */,
				FD0291782A0E2B2300F88377 /* AppStyle+UIElementConstantTests.swift */,
			);
			path = AppStyleTests;
			sourceTree = "<group>";
		};
		FD14A2AA2A28685000362461 /* Owner */ = {
			isa = PBXGroup;
			children = (
				EF16BB252A24E101007922C6 /* Owner+Dummy.swift */,
				3673D6362A04F7FD009D699D /* Owner.swift */,
			);
			path = Owner;
			sourceTree = "<group>";
		};
		FD14A2B82A2870A500362461 /* OwnerProfileViewModelTests */ = {
			isa = PBXGroup;
			children = (
				FD14A2B02A286BB800362461 /* OwnerProfileViewModelTests.swift */,
				FD14A2B62A28709400362461 /* OwnerProfileViewModelSaveTests.swift */,
				FD9802272A287670003DEE5C /* OwnerProfileViewModelGetTests.swift */,
				FD9802292A2878C1003DEE5C /* Owner+Test.swift */,
			);
			path = OwnerProfileViewModelTests;
			sourceTree = "<group>";
		};
		FD1FA3CA2A0A77FE000A3A91 /* Sitter */ = {
			isa = PBXGroup;
			children = (
				FDD143CC2A03E575000BBA77 /* Sitter.swift */,
				FD1FA3CB2A0A781E000A3A91 /* Sitter+Dummy.swift */,
			);
			path = Sitter;
			sourceTree = "<group>";
		};
		FD1FA3CD2A0A7DDB000A3A91 /* Helper */ = {
			isa = PBXGroup;
			children = (
				FD0291712A0E16DF00F88377 /* AppStyleTests */,
				FD37A9962A0B76BA0001BABB /* DataTransformerTests */,
			);
			path = Helper;
			sourceTree = "<group>";
		};
		FD2F7B2B2A0CDC09008F6F49 /* Images */ = {
			isa = PBXGroup;
			children = (
				FD2F7B2F2A0CDCE7008F6F49 /* Mock */,
			);
			path = Images;
			sourceTree = "<group>";
		};
		FD2F7B2E2A0CDCCB008F6F49 /* Resources */ = {
			isa = PBXGroup;
			children = (
				FD2F7B2B2A0CDC09008F6F49 /* Images */,
			);
			path = Resources;
			sourceTree = "<group>";
		};
		FD2F7B2F2A0CDCE7008F6F49 /* Mock */ = {
			isa = PBXGroup;
			children = (
				FD2FA23F2A13BE87002B618B /* SophiaTaylorAvatar.jpg */,
				FD2F7B2C2A0CDC44008F6F49 /* EmilyDoeAvatar.jpg */,
				FD2FA2332A13BA20002B618B /* AvaMooreAvatar.jpg */,
				FD2FA2352A13BA20002B618B /* JamesAndersonAvatar.jpg */,
				FD2FA2342A13BA20002B618B /* JaneSmithAvatar.jpg */,
				FD2FA2372A13BA20002B618B /* JohnAlisonAvatar.jpg */,
				FD2FA2322A13BA20002B618B /* MichaelBrownAvatar.jpg */,
				FD2FA2312A13BA20002B618B /* OliviaDavisAvatar.jpg */,
				FD2FA2362A13BA20002B618B /* WilliamWilsonAvatar.jpg */,
			);
			path = Mock;
			sourceTree = "<group>";
		};
		FD2FA2272A129C32002B618B /* SitterCardView */ = {
			isa = PBXGroup;
			children = (
				FD7F989C2A0E04650058DBEB /* SitterCardView.swift */,
				FD0291722A0E256F00F88377 /* GeneralInfoSectionView.swift */,
				FD0291742A0E273500F88377 /* BioSectionView.swift */,
			);
			path = SitterCardView;
			sourceTree = "<group>";
		};
		FD37A9962A0B76BA0001BABB /* DataTransformerTests */ = {
			isa = PBXGroup;
			children = (
				FD37A9932A0B6E960001BABB /* FullNameTests.swift */,
				FD37A9972A0B77A90001BABB /* FiveStarRatingTests.swift */,
			);
			path = DataTransformerTests;
			sourceTree = "<group>";
		};
		FD6A2E592A2EF62800934C3E /* OwnerFlow */ = {
			isa = PBXGroup;
			children = (
				FDDDA6862A25C3CD00839091 /* OwnerProfileView */,
				EF5A7F312A14561000585616 /* DetailedPetSitterView */,
				FD7F989A2A0E041A0058DBEB /* OwnerMainTabView */,
				FD7F989B2A0E04390058DBEB /* SitterListView */,
			);
			path = OwnerFlow;
			sourceTree = "<group>";
		};
		FD6A2E5A2A2EF65D00934C3E /* SitterFlow */ = {
			isa = PBXGroup;
			children = (
				FD6A2E5B2A2EF67A00934C3E /* SitterMainTabView */,
			);
			path = SitterFlow;
			sourceTree = "<group>";
		};
		FD6A2E5B2A2EF67A00934C3E /* SitterMainTabView */ = {
			isa = PBXGroup;
			children = (
				FD6A2E5C2A2EF69500934C3E /* SitterMainTabView.swift */,
				FD6A2E5E2A2EF6C200934C3E /* SitterMainTabView+Tab.swift */,
			);
			path = SitterMainTabView;
			sourceTree = "<group>";
		};
		FD7F989A2A0E041A0058DBEB /* OwnerMainTabView */ = {
			isa = PBXGroup;
			children = (
				FDD143C62A03BD48000BBA77 /* OwnerMainTabView.swift */,
				FDD143DF2A051F96000BBA77 /* OwnerMainTabView+Tab.swift */,
			);
			path = OwnerMainTabView;
			sourceTree = "<group>";
		};
		FD7F989B2A0E04390058DBEB /* SitterListView */ = {
			isa = PBXGroup;
			children = (
				FD2FA2272A129C32002B618B /* SitterCardView */,
				FD2FA2282A129C53002B618B /* SitterListView.swift */,
			);
			path = SitterListView;
			sourceTree = "<group>";
		};
		FD81822B2A206B0100AE1016 /* TestData */ = {
			isa = PBXGroup;
			children = (
				FD81822F2A20C3C300AE1016 /* KeyValueStorage+TestData.swift */,
				36199B0E2A1FB1C900725FC8 /* KeyValueStorage+TestKey.swift */,
			);
			path = TestData;
			sourceTree = "<group>";
		};
		FDAA7BF52A0CB8E2007905CB /* DataTrasnformer */ = {
			isa = PBXGroup;
			children = (
				FD37A98F2A0B65120001BABB /* DataTransformer.swift */,
			);
			path = DataTrasnformer;
			sourceTree = "<group>";
		};
		FDCF49102A1CDA0A00CD3BBB /* ViewModel */ = {
			isa = PBXGroup;
			children = (
				9B24803A2A33550A000B66CD /* DetailPetSitterViewModel */,
				FDEE43E12A38884A007DE0A9 /* StartScreenViewModelTests.swift */,
				FD14A2B82A2870A500362461 /* OwnerProfileViewModelTests */,
			);
			path = ViewModel;
			sourceTree = "<group>";
		};
		FDD143F52A052A11000BBA77 /* WoofTests */ = {
			isa = PBXGroup;
			children = (
				FDCF49102A1CDA0A00CD3BBB /* ViewModel */,
				36BEA7592A1621B70020F6AE /* Model */,
				FD1FA3CD2A0A7DDB000A3A91 /* Helper */,
			);
			path = WoofTests;
			sourceTree = "<group>";
		};
		FDDDA6862A25C3CD00839091 /* OwnerProfileView */ = {
			isa = PBXGroup;
			children = (
				EF16BB1D2A24D5FA007922C6 /* OwnerCardView.swift */,
				FDDDA6872A25C3FE00839091 /* EditOwnerInformationView.swift */,
				362F63052A28A8B6002A659B /* OwnerProfileView.swift */,
			);
			path = OwnerProfileView;
			sourceTree = "<group>";
		};
		FDE0CE9C2A00F8370023F784 = {
			isa = PBXGroup;
			children = (
				FDE0CEA72A00F8370023F784 /* Woof */,
				FDD143F52A052A11000BBA77 /* WoofTests */,
				FDE0CEA62A00F8370023F784 /* Products */,
			);
			sourceTree = "<group>";
		};
		FDE0CEA62A00F8370023F784 /* Products */ = {
			isa = PBXGroup;
			children = (
				FDE0CEA52A00F8370023F784 /* Woof.app */,
				FDD143F42A052A11000BBA77 /* WoofTests.xctest */,
			);
			name = Products;
			sourceTree = "<group>";
		};
		FDE0CEA72A00F8370023F784 /* Woof */ = {
			isa = PBXGroup;
			children = (
				FDE0CEA82A00F8370023F784 /* WoofApp.swift */,
				FDE0CEBB2A0269280023F784 /* Model */,
				FDE0CEBA2A02691D0023F784 /* View */,
				FDE0CEBC2A02693A0023F784 /* ViewModel */,
				FD2F7B2E2A0CDCCB008F6F49 /* Resources */,
				FDE0CEBD2A0269570023F784 /* Helper */,
				FDE0CEAC2A00F8390023F784 /* Assets.xcassets */,
				FDE0CEAE2A00F8390023F784 /* Preview Content */,
			);
			path = Woof;
			sourceTree = "<group>";
		};
		FDE0CEAE2A00F8390023F784 /* Preview Content */ = {
			isa = PBXGroup;
			children = (
				FDE0CEAF2A00F8390023F784 /* Preview Assets.xcassets */,
			);
			path = "Preview Content";
			sourceTree = "<group>";
		};
		FDE0CEBA2A02691D0023F784 /* View */ = {
			isa = PBXGroup;
			children = (
				FD6A2E5A2A2EF65D00934C3E /* SitterFlow */,
				EF303EBF2A17AFA20086065B /* ReusableViews */,
				FD6A2E592A2EF62800934C3E /* OwnerFlow */,
			);
			path = View;
			sourceTree = "<group>";
		};
		FDE0CEBB2A0269280023F784 /* Model */ = {
			isa = PBXGroup;
			children = (
				BAD0FC612A31D1F800F59544 /* Rating */,
				FDEE43C72A2F45A4007DE0A9 /* Preferences */,
				FD14A2AA2A28685000362461 /* Owner */,
				36C54AFA2A1631CC00748023 /* KeyValueStorage */,
				FD1FA3CA2A0A77FE000A3A91 /* Sitter */,
			);
			path = Model;
			sourceTree = "<group>";
		};
		FDE0CEBC2A02693A0023F784 /* ViewModel */ = {
			isa = PBXGroup;
			children = (
				FD14A2A42A277FA400362461 /* OwnerProfileViewModel.swift */,
				FDEE43DF2A386291007DE0A9 /* StartScreenViewModel.swift */,
				FD1FA3C22A0A682E000A3A91 /* SitterCardViewModel.swift */,
				EF5A7F2E2A14504F00585616 /* DetailPetSitterViewModel.swift */,
				FD2FA22A2A129CA1002B618B /* SitterListViewModel.swift */,
			);
			path = ViewModel;
			sourceTree = "<group>";
		};
		FDE0CEBD2A0269570023F784 /* Helper */ = {
			isa = PBXGroup;
			children = (
				FD0291702A0E16D000F88377 /* AppStyle */,
				FDAA7BF52A0CB8E2007905CB /* DataTrasnformer */,
			);
			path = Helper;
			sourceTree = "<group>";
		};
		FDEE43C72A2F45A4007DE0A9 /* Preferences */ = {
			isa = PBXGroup;
			children = (
				FDEE43C82A2F45B8007DE0A9 /* Preferences.swift */,
				FDEE43CA2A2F4602007DE0A9 /* Role.swift */,
				36C06F592A2F5AA600B8EBDF /* PreferencesHandler.swift */,
			);
			path = Preferences;
			sourceTree = "<group>";
		};
		FDEE43D22A2F5512007DE0A9 /* Preferences */ = {
			isa = PBXGroup;
			children = (
				FDEE43CC2A2F4E51007DE0A9 /* PreferencesTests.swift */,
				FDEE43D02A2F525B007DE0A9 /* RoleTests.swift */,
				36C06F5B2A2F5DCB00B8EBDF /* PreferencesHandlerSetUserRoleTests.swift */,
				368F66602A308D2600C8F69D /* PreferencesHandlerGetUserRoleTests.swift */,
			);
			path = Preferences;
			sourceTree = "<group>";
		};
/* End PBXGroup section */

/* Begin PBXNativeTarget section */
		FDD143F32A052A11000BBA77 /* WoofTests */ = {
			isa = PBXNativeTarget;
			buildConfigurationList = FDD143FA2A052A11000BBA77 /* Build configuration list for PBXNativeTarget "WoofTests" */;
			buildPhases = (
				FDD143F02A052A11000BBA77 /* Sources */,
				FDD143F12A052A11000BBA77 /* Frameworks */,
				FDD143F22A052A11000BBA77 /* Resources */,
				FD8182292A1F46B800AE1016 /* Swiftlint */,
				FD81822A2A1F46D400AE1016 /* SwiftFormat */,
			);
			buildRules = (
			);
			dependencies = (
				FDD143F92A052A11000BBA77 /* PBXTargetDependency */,
			);
			name = WoofTests;
			productName = WoofTests;
			productReference = FDD143F42A052A11000BBA77 /* WoofTests.xctest */;
			productType = "com.apple.product-type.bundle.unit-test";
		};
		FDE0CEA42A00F8370023F784 /* Woof */ = {
			isa = PBXNativeTarget;
			buildConfigurationList = FDE0CEB32A00F8390023F784 /* Build configuration list for PBXNativeTarget "Woof" */;
			buildPhases = (
				FDE0CEA12A00F8370023F784 /* Sources */,
				FDE0CEA22A00F8370023F784 /* Frameworks */,
				FDE0CEA32A00F8370023F784 /* Resources */,
				FDE0CEB82A011BA10023F784 /* Swiftlint */,
				FDE0CEB92A011BBE0023F784 /* Swiftformat */,
			);
			buildRules = (
			);
			dependencies = (
			);
			name = Woof;
			productName = Woof;
			productReference = FDE0CEA52A00F8370023F784 /* Woof.app */;
			productType = "com.apple.product-type.application";
		};
/* End PBXNativeTarget section */

/* Begin PBXProject section */
		FDE0CE9D2A00F8370023F784 /* Project object */ = {
			isa = PBXProject;
			attributes = {
				BuildIndependentTargetsInParallel = 1;
				LastSwiftUpdateCheck = 1430;
				LastUpgradeCheck = 1430;
				TargetAttributes = {
					FDD143F32A052A11000BBA77 = {
						CreatedOnToolsVersion = 14.3;
						TestTargetID = FDE0CEA42A00F8370023F784;
					};
					FDE0CEA42A00F8370023F784 = {
						CreatedOnToolsVersion = 14.3;
					};
				};
			};
			buildConfigurationList = FDE0CEA02A00F8370023F784 /* Build configuration list for PBXProject "Woof" */;
			compatibilityVersion = "Xcode 14.0";
			developmentRegion = en;
			hasScannedForEncodings = 0;
			knownRegions = (
				en,
				Base,
			);
			mainGroup = FDE0CE9C2A00F8370023F784;
			productRefGroup = FDE0CEA62A00F8370023F784 /* Products */;
			projectDirPath = "";
			projectRoot = "";
			targets = (
				FDE0CEA42A00F8370023F784 /* Woof */,
				FDD143F32A052A11000BBA77 /* WoofTests */,
			);
		};
/* End PBXProject section */

/* Begin PBXResourcesBuildPhase section */
		FDD143F22A052A11000BBA77 /* Resources */ = {
			isa = PBXResourcesBuildPhase;
			buildActionMask = 2147483647;
			files = (
			);
			runOnlyForDeploymentPostprocessing = 0;
		};
		FDE0CEA32A00F8370023F784 /* Resources */ = {
			isa = PBXResourcesBuildPhase;
			buildActionMask = 2147483647;
			files = (
				FD2FA23A2A13BA20002B618B /* AvaMooreAvatar.jpg in Resources */,
				FD2FA2402A13BE87002B618B /* SophiaTaylorAvatar.jpg in Resources */,
				FDE0CEB02A00F8390023F784 /* Preview Assets.xcassets in Resources */,
				FDE0CEAD2A00F8390023F784 /* Assets.xcassets in Resources */,
				FD2FA23B2A13BA20002B618B /* JaneSmithAvatar.jpg in Resources */,
				FD2FA2382A13BA20002B618B /* OliviaDavisAvatar.jpg in Resources */,
				FD2FA23E2A13BA20002B618B /* JohnAlisonAvatar.jpg in Resources */,
				FD2FA23D2A13BA20002B618B /* WilliamWilsonAvatar.jpg in Resources */,
				FD2FA2392A13BA20002B618B /* MichaelBrownAvatar.jpg in Resources */,
				FD2F7B2D2A0CDC44008F6F49 /* EmilyDoeAvatar.jpg in Resources */,
				FD2FA23C2A13BA20002B618B /* JamesAndersonAvatar.jpg in Resources */,
			);
			runOnlyForDeploymentPostprocessing = 0;
		};
/* End PBXResourcesBuildPhase section */

/* Begin PBXShellScriptBuildPhase section */
		FD8182292A1F46B800AE1016 /* Swiftlint */ = {
			isa = PBXShellScriptBuildPhase;
			alwaysOutOfDate = 1;
			buildActionMask = 2147483647;
			files = (
			);
			inputFileListPaths = (
			);
			inputPaths = (
			);
			name = Swiftlint;
			outputFileListPaths = (
			);
			outputPaths = (
			);
			runOnlyForDeploymentPostprocessing = 0;
			shellPath = /bin/sh;
			shellScript = "export PATH=\"$PATH:/opt/homebrew/bin\"\nif which swiftlint > /dev/null; then\n  swiftlint --config ../.swiftlint.yml\nelse\n  echo \"warning: SwiftLint not installed, download from https://github.com/realm/SwiftLint\"\nfi\n";
		};
		FD81822A2A1F46D400AE1016 /* SwiftFormat */ = {
			isa = PBXShellScriptBuildPhase;
			alwaysOutOfDate = 1;
			buildActionMask = 2147483647;
			files = (
			);
			inputFileListPaths = (
			);
			inputPaths = (
			);
			name = SwiftFormat;
			outputFileListPaths = (
			);
			outputPaths = (
			);
			runOnlyForDeploymentPostprocessing = 0;
			shellPath = /bin/sh;
			shellScript = "export PATH=\"$PATH:/opt/homebrew/bin\"\nif which swiftformat >/dev/null; then\n  swiftformat --config \"../.swiftformat\" .\nelse\n  echo \"warning: SwiftFormat not installed, download from https://github.com/nicklockwood/SwiftFormat\"\nfi\n";
		};
		FDE0CEB82A011BA10023F784 /* Swiftlint */ = {
			isa = PBXShellScriptBuildPhase;
			alwaysOutOfDate = 1;
			buildActionMask = 2147483647;
			files = (
			);
			inputFileListPaths = (
			);
			inputPaths = (
			);
			name = Swiftlint;
			outputFileListPaths = (
			);
			outputPaths = (
			);
			runOnlyForDeploymentPostprocessing = 0;
			shellPath = /bin/sh;
			shellScript = "export PATH=\"$PATH:/opt/homebrew/bin\"\nif which swiftlint > /dev/null; then\n  swiftlint --config ../.swiftlint.yml\nelse\n  echo \"warning: SwiftLint not installed, download from https://github.com/realm/SwiftLint\"\nfi\n";
		};
		FDE0CEB92A011BBE0023F784 /* Swiftformat */ = {
			isa = PBXShellScriptBuildPhase;
			alwaysOutOfDate = 1;
			buildActionMask = 2147483647;
			files = (
			);
			inputFileListPaths = (
			);
			inputPaths = (
			);
			name = Swiftformat;
			outputFileListPaths = (
			);
			outputPaths = (
			);
			runOnlyForDeploymentPostprocessing = 0;
			shellPath = /bin/sh;
			shellScript = "export PATH=\"$PATH:/opt/homebrew/bin\"\nif which swiftformat >/dev/null; then\n  swiftformat --config \"../.swiftformat\" .\nelse\n  echo \"warning: SwiftFormat not installed, download from https://github.com/nicklockwood/SwiftFormat\"\nfi\n";
		};
/* End PBXShellScriptBuildPhase section */

/* Begin PBXSourcesBuildPhase section */
		FDD143F02A052A11000BBA77 /* Sources */ = {
			isa = PBXSourcesBuildPhase;
			buildActionMask = 2147483647;
			files = (
				36BEA7582A1621B10020F6AE /* KeyValueStorageSaveTests.swift in Sources */,
				FD9802282A287670003DEE5C /* OwnerProfileViewModelGetTests.swift in Sources */,
				FD6A2E612A2F067E00934C3E /* KeyValueStorage+KeyTests.swift in Sources */,
				FD8182302A20C3C300AE1016 /* KeyValueStorage+TestData.swift in Sources */,
				36C54AFC2A17A79200748023 /* KeyValueStorageLoadTests.swift in Sources */,
				FD02917A2A0E2C5000F88377 /* AppStyle+FontStyle.swift in Sources */,
				FD14A2B12A286BB800362461 /* OwnerProfileViewModelTests.swift in Sources */,
				FD0291772A0E2B0700F88377 /* AppStyle+FontStyleTests.swift in Sources */,
				FD0291792A0E2B2300F88377 /* AppStyle+UIElementConstantTests.swift in Sources */,
				FD14A2B52A286C5C00362461 /* KeyValueStorage+Key.swift in Sources */,
				FD37A9942A0B6E960001BABB /* FullNameTests.swift in Sources */,
				FDEE43E22A38884A007DE0A9 /* StartScreenViewModelTests.swift in Sources */,
				36C06F5D2A2F5DDB00B8EBDF /* PreferencesHandler.swift in Sources */,
				BA4561822A334D2D00C6E595 /* Stars.swift in Sources */,
				FDCF49132A1CDA8800CD3BBB /* DetailPetSitterViewModelTests.swift in Sources */,
				BA44C2FE2A31FA2D00193927 /* StarRating.swift in Sources */,
				FDCF49142A1CDB1600CD3BBB /* DetailPetSitterViewModel.swift in Sources */,
				FDEE43CD2A2F4E51007DE0A9 /* PreferencesTests.swift in Sources */,
				FD98022A2A2878C1003DEE5C /* Owner+Test.swift in Sources */,
				FDD143F72A052A11000BBA77 /* Color+AppSchemeTests.swift in Sources */,
				1CE7E9CC2A24889B000A0509 /* KeyValueStorage+UnitTests.swift in Sources */,
				FD2F7B322A0CE029008F6F49 /* Sitter.swift in Sources */,
				FD02917C2A0E2CBC00F88377 /* AppStyle.swift in Sources */,
				FD14A2B72A28709400362461 /* OwnerProfileViewModelSaveTests.swift in Sources */,
				FD2F7B332A0CE032008F6F49 /* Owner.swift in Sources */,
				36C06F5C2A2F5DCB00B8EBDF /* PreferencesHandlerSetUserRoleTests.swift in Sources */,
				368F66612A308D2600C8F69D /* PreferencesHandlerGetUserRoleTests.swift in Sources */,
				FD14A2B22A286BBD00362461 /* OwnerProfileViewModel.swift in Sources */,
				362732A22A1B800B0062E4B5 /* KeyValueStorageDeleteTests.swift in Sources */,
				FDD143FE2A052D5A000BBA77 /* Color+AppScheme.swift in Sources */,
				FDD144012A0532D5000BBA77 /* String+IconNameTests.swift in Sources */,
				FD02917B2A0E2C5300F88377 /* AppStyle+UIElementConstant.swift in Sources */,
				FDEE43CE2A2F4E56007DE0A9 /* Preferences.swift in Sources */,
				FDEE43D12A2F525B007DE0A9 /* RoleTests.swift in Sources */,
				FDEE43CF2A2F4E58007DE0A9 /* Role.swift in Sources */,
				FD37A9982A0B77A90001BABB /* FiveStarRatingTests.swift in Sources */,
				FDEE43E32A388854007DE0A9 /* StartScreenViewModel.swift in Sources */,
				FD14A2B42A286C5200362461 /* KeyValueStorage+Name.swift in Sources */,
				9B24803B2A336157000B66CD /* Sitter+Dummy.swift in Sources */,
				FDD143FF2A052D5E000BBA77 /* String+IconName.swift in Sources */,
				1CE7E9C92A247CF1000A0509 /* KeyValueStorageInitTests.swift in Sources */,
				36199B0F2A1FB1C900725FC8 /* KeyValueStorage+TestKey.swift in Sources */,
				368BF0EF2A16103B00F3F750 /* KeyValueStorage.swift in Sources */,
				9B2480392A3354D8000B66CD /* ClipboardTextTests.swift in Sources */,
				FD37A9952A0B6EA90001BABB /* DataTransformer.swift in Sources */,
				FD6A2E632A2F072F00934C3E /* KeyValueStorage+NameTests.swift in Sources */,
				FD2F7B342A0CE03B008F6F49 /* SitterCardViewModel.swift in Sources */,
			);
			runOnlyForDeploymentPostprocessing = 0;
		};
		FDE0CEA12A00F8370023F784 /* Sources */ = {
			isa = PBXSourcesBuildPhase;
			buildActionMask = 2147483647;
			files = (
				EF5A7F332A14563800585616 /* DetailedPetSitterView.swift in Sources */,
				9308D6132A31EFE40086193D /* CapsuleWithWhiteText.swift in Sources */,
				FD1FA3B52A090916000A3A91 /* Sitter.swift in Sources */,
				368BF0EC2A152FA500F3F750 /* KeyValueStorage.swift in Sources */,
				FDD143E22A05233B000BBA77 /* String+IconName.swift in Sources */,
				FDEE43E02A386291007DE0A9 /* StartScreenViewModel.swift in Sources */,
				FD6A2E5D2A2EF69500934C3E /* SitterMainTabView.swift in Sources */,
				FDD143C72A03BD48000BBA77 /* OwnerMainTabView.swift in Sources */,
				FDEE43C92A2F45B8007DE0A9 /* Preferences.swift in Sources */,
				EF16BB262A24E101007922C6 /* Owner+Dummy.swift in Sources */,
				FD7F989F2A0E0D2C0058DBEB /* AppStyle.swift in Sources */,
				FDD143CB2A03C629000BBA77 /* Color+AppScheme.swift in Sources */,
				EF303EBE2A1762CF0086065B /* FiveStarRatingView.swift in Sources */,
				FD14A2A52A277FA400362461 /* OwnerProfileViewModel.swift in Sources */,
				FD0291732A0E256F00F88377 /* GeneralInfoSectionView.swift in Sources */,
				BA4561812A334A8A00C6E595 /* Stars.swift in Sources */,
				FDD143E02A051F96000BBA77 /* OwnerMainTabView+Tab.swift in Sources */,
				FD1FA3C32A0A682E000A3A91 /* SitterCardViewModel.swift in Sources */,
				36C06F5A2A2F5AA600B8EBDF /* PreferencesHandler.swift in Sources */,
				FD7F98A12A0E0E280058DBEB /* AppStyle+FontStyle.swift in Sources */,
				FD2FA2292A129C53002B618B /* SitterListView.swift in Sources */,
				3673D6372A04F7FD009D699D /* Owner.swift in Sources */,
				FD7F98A32A0E10510058DBEB /* AppStyle+UIElementConstant.swift in Sources */,
				FD6A2E5F2A2EF6C200934C3E /* SitterMainTabView+Tab.swift in Sources */,
				FDDDA6882A25C3FE00839091 /* EditOwnerInformationView.swift in Sources */,
				EF16BB1E2A24D5FA007922C6 /* OwnerCardView.swift in Sources */,
				FD37A9902A0B65120001BABB /* DataTransformer.swift in Sources */,
				9B480A5F2A330F29001A5A71 /* CopyToClipboardLabel.swift in Sources */,
				FD7F989D2A0E04650058DBEB /* SitterCardView.swift in Sources */,
				BAD0FC632A31D20800F59544 /* StarRating.swift in Sources */,
				362F63062A28A8B6002A659B /* OwnerProfileView.swift in Sources */,
				FD2FA22B2A129CA1002B618B /* SitterListViewModel.swift in Sources */,
				FDE0CEA92A00F8370023F784 /* WoofApp.swift in Sources */,
				FD7F98A52A0E12290058DBEB /* AvatarView.swift in Sources */,
				FD1FA3CC2A0A781E000A3A91 /* Sitter+Dummy.swift in Sources */,
				FDEE43CB2A2F4602007DE0A9 /* Role.swift in Sources */,
				FD14A2A92A27804F00362461 /* KeyValueStorage+Key.swift in Sources */,
				EF7B7F002A147D8300F00B4E /* TextWithIconLabelView.swift in Sources */,
				FD14A2A72A27803600362461 /* KeyValueStorage+Name.swift in Sources */,
				EF5A7F2F2A14504F00585616 /* DetailPetSitterViewModel.swift in Sources */,
				FD0291752A0E273500F88377 /* BioSectionView.swift in Sources */,
			);
			runOnlyForDeploymentPostprocessing = 0;
		};
/* End PBXSourcesBuildPhase section */

/* Begin PBXTargetDependency section */
		FDD143F92A052A11000BBA77 /* PBXTargetDependency */ = {
			isa = PBXTargetDependency;
			target = FDE0CEA42A00F8370023F784 /* Woof */;
			targetProxy = FDD143F82A052A11000BBA77 /* PBXContainerItemProxy */;
		};
/* End PBXTargetDependency section */

/* Begin XCBuildConfiguration section */
		FDD143FB2A052A11000BBA77 /* Debug */ = {
			isa = XCBuildConfiguration;
			buildSettings = {
				BUNDLE_LOADER = "$(TEST_HOST)";
				CODE_SIGN_STYLE = Automatic;
				CURRENT_PROJECT_VERSION = 0.3.0;
				GENERATE_INFOPLIST_FILE = YES;
				INFOPLIST_KEY_UIUserInterfaceStyle = "$(MARKETING_VERSION)";
				IPHONEOS_DEPLOYMENT_TARGET = 15.0;
				MARKETING_VERSION = 0.3.0;
				PRODUCT_BUNDLE_IDENTIFIER = com.iron.foundation.WoofTests;
				PRODUCT_NAME = "$(TARGET_NAME)";
				SUPPORTED_PLATFORMS = "iphoneos iphonesimulator";
				SUPPORTS_MACCATALYST = NO;
				SUPPORTS_MAC_DESIGNED_FOR_IPHONE_IPAD = NO;
				SWIFT_EMIT_LOC_STRINGS = NO;
				SWIFT_VERSION = 5.0;
				TARGETED_DEVICE_FAMILY = 1;
				TEST_HOST = "$(BUILT_PRODUCTS_DIR)/Woof.app/$(BUNDLE_EXECUTABLE_FOLDER_PATH)/Woof";
			};
			name = Debug;
		};
		FDD143FC2A052A11000BBA77 /* Release */ = {
			isa = XCBuildConfiguration;
			buildSettings = {
				BUNDLE_LOADER = "$(TEST_HOST)";
				CODE_SIGN_STYLE = Automatic;
				CURRENT_PROJECT_VERSION = 0.3.0;
				GENERATE_INFOPLIST_FILE = YES;
				INFOPLIST_KEY_UIUserInterfaceStyle = "$(MARKETING_VERSION)";
				IPHONEOS_DEPLOYMENT_TARGET = 15.0;
				MARKETING_VERSION = 0.3.0;
				PRODUCT_BUNDLE_IDENTIFIER = com.iron.foundation.WoofTests;
				PRODUCT_NAME = "$(TARGET_NAME)";
				SUPPORTED_PLATFORMS = "iphoneos iphonesimulator";
				SUPPORTS_MACCATALYST = NO;
				SUPPORTS_MAC_DESIGNED_FOR_IPHONE_IPAD = NO;
				SWIFT_EMIT_LOC_STRINGS = NO;
				SWIFT_VERSION = 5.0;
				TARGETED_DEVICE_FAMILY = 1;
				TEST_HOST = "$(BUILT_PRODUCTS_DIR)/Woof.app/$(BUNDLE_EXECUTABLE_FOLDER_PATH)/Woof";
			};
			name = Release;
		};
		FDE0CEB12A00F8390023F784 /* Debug */ = {
			isa = XCBuildConfiguration;
			buildSettings = {
				ALWAYS_SEARCH_USER_PATHS = NO;
				CLANG_ANALYZER_NONNULL = YES;
				CLANG_ANALYZER_NUMBER_OBJECT_CONVERSION = YES_AGGRESSIVE;
				CLANG_CXX_LANGUAGE_STANDARD = "gnu++20";
				CLANG_ENABLE_MODULES = YES;
				CLANG_ENABLE_OBJC_ARC = YES;
				CLANG_ENABLE_OBJC_WEAK = YES;
				CLANG_WARN_BLOCK_CAPTURE_AUTORELEASING = YES;
				CLANG_WARN_BOOL_CONVERSION = YES;
				CLANG_WARN_COMMA = YES;
				CLANG_WARN_CONSTANT_CONVERSION = YES;
				CLANG_WARN_DEPRECATED_OBJC_IMPLEMENTATIONS = YES;
				CLANG_WARN_DIRECT_OBJC_ISA_USAGE = YES_ERROR;
				CLANG_WARN_DOCUMENTATION_COMMENTS = YES;
				CLANG_WARN_EMPTY_BODY = YES;
				CLANG_WARN_ENUM_CONVERSION = YES;
				CLANG_WARN_INFINITE_RECURSION = YES;
				CLANG_WARN_INT_CONVERSION = YES;
				CLANG_WARN_NON_LITERAL_NULL_CONVERSION = YES;
				CLANG_WARN_OBJC_IMPLICIT_RETAIN_SELF = YES;
				CLANG_WARN_OBJC_LITERAL_CONVERSION = YES;
				CLANG_WARN_OBJC_ROOT_CLASS = YES_ERROR;
				CLANG_WARN_QUOTED_INCLUDE_IN_FRAMEWORK_HEADER = YES;
				CLANG_WARN_RANGE_LOOP_ANALYSIS = YES;
				CLANG_WARN_STRICT_PROTOTYPES = YES;
				CLANG_WARN_SUSPICIOUS_MOVE = YES;
				CLANG_WARN_UNGUARDED_AVAILABILITY = YES_AGGRESSIVE;
				CLANG_WARN_UNREACHABLE_CODE = YES;
				CLANG_WARN__DUPLICATE_METHOD_MATCH = YES;
				COPY_PHASE_STRIP = NO;
				CURRENT_PROJECT_VERSION = 0.3.0;
				DEBUG_INFORMATION_FORMAT = dwarf;
				ENABLE_STRICT_OBJC_MSGSEND = YES;
				ENABLE_TESTABILITY = YES;
				GCC_C_LANGUAGE_STANDARD = gnu11;
				GCC_DYNAMIC_NO_PIC = NO;
				GCC_NO_COMMON_BLOCKS = YES;
				GCC_OPTIMIZATION_LEVEL = 0;
				GCC_PREPROCESSOR_DEFINITIONS = (
					"DEBUG=1",
					"$(inherited)",
				);
				GCC_WARN_64_TO_32_BIT_CONVERSION = YES;
				GCC_WARN_ABOUT_RETURN_TYPE = YES_ERROR;
				GCC_WARN_UNDECLARED_SELECTOR = YES;
				GCC_WARN_UNINITIALIZED_AUTOS = YES_AGGRESSIVE;
				GCC_WARN_UNUSED_FUNCTION = YES;
				GCC_WARN_UNUSED_VARIABLE = YES;
				IPHONEOS_DEPLOYMENT_TARGET = 15.0;
				MARKETING_VERSION = 0.3.0;
				MTL_ENABLE_DEBUG_INFO = INCLUDE_SOURCE;
				MTL_FAST_MATH = YES;
				ONLY_ACTIVE_ARCH = YES;
				SDKROOT = iphoneos;
				SWIFT_ACTIVE_COMPILATION_CONDITIONS = DEBUG;
				SWIFT_OPTIMIZATION_LEVEL = "-Onone";
			};
			name = Debug;
		};
		FDE0CEB22A00F8390023F784 /* Release */ = {
			isa = XCBuildConfiguration;
			buildSettings = {
				ALWAYS_SEARCH_USER_PATHS = NO;
				CLANG_ANALYZER_NONNULL = YES;
				CLANG_ANALYZER_NUMBER_OBJECT_CONVERSION = YES_AGGRESSIVE;
				CLANG_CXX_LANGUAGE_STANDARD = "gnu++20";
				CLANG_ENABLE_MODULES = YES;
				CLANG_ENABLE_OBJC_ARC = YES;
				CLANG_ENABLE_OBJC_WEAK = YES;
				CLANG_WARN_BLOCK_CAPTURE_AUTORELEASING = YES;
				CLANG_WARN_BOOL_CONVERSION = YES;
				CLANG_WARN_COMMA = YES;
				CLANG_WARN_CONSTANT_CONVERSION = YES;
				CLANG_WARN_DEPRECATED_OBJC_IMPLEMENTATIONS = YES;
				CLANG_WARN_DIRECT_OBJC_ISA_USAGE = YES_ERROR;
				CLANG_WARN_DOCUMENTATION_COMMENTS = YES;
				CLANG_WARN_EMPTY_BODY = YES;
				CLANG_WARN_ENUM_CONVERSION = YES;
				CLANG_WARN_INFINITE_RECURSION = YES;
				CLANG_WARN_INT_CONVERSION = YES;
				CLANG_WARN_NON_LITERAL_NULL_CONVERSION = YES;
				CLANG_WARN_OBJC_IMPLICIT_RETAIN_SELF = YES;
				CLANG_WARN_OBJC_LITERAL_CONVERSION = YES;
				CLANG_WARN_OBJC_ROOT_CLASS = YES_ERROR;
				CLANG_WARN_QUOTED_INCLUDE_IN_FRAMEWORK_HEADER = YES;
				CLANG_WARN_RANGE_LOOP_ANALYSIS = YES;
				CLANG_WARN_STRICT_PROTOTYPES = YES;
				CLANG_WARN_SUSPICIOUS_MOVE = YES;
				CLANG_WARN_UNGUARDED_AVAILABILITY = YES_AGGRESSIVE;
				CLANG_WARN_UNREACHABLE_CODE = YES;
				CLANG_WARN__DUPLICATE_METHOD_MATCH = YES;
				COPY_PHASE_STRIP = NO;
				CURRENT_PROJECT_VERSION = 0.3.0;
				DEBUG_INFORMATION_FORMAT = "dwarf-with-dsym";
				ENABLE_NS_ASSERTIONS = NO;
				ENABLE_STRICT_OBJC_MSGSEND = YES;
				GCC_C_LANGUAGE_STANDARD = gnu11;
				GCC_NO_COMMON_BLOCKS = YES;
				GCC_WARN_64_TO_32_BIT_CONVERSION = YES;
				GCC_WARN_ABOUT_RETURN_TYPE = YES_ERROR;
				GCC_WARN_UNDECLARED_SELECTOR = YES;
				GCC_WARN_UNINITIALIZED_AUTOS = YES_AGGRESSIVE;
				GCC_WARN_UNUSED_FUNCTION = YES;
				GCC_WARN_UNUSED_VARIABLE = YES;
				IPHONEOS_DEPLOYMENT_TARGET = 15.0;
				MARKETING_VERSION = 0.3.0;
				MTL_ENABLE_DEBUG_INFO = NO;
				MTL_FAST_MATH = YES;
				SDKROOT = iphoneos;
				SWIFT_COMPILATION_MODE = wholemodule;
				SWIFT_OPTIMIZATION_LEVEL = "-O";
				VALIDATE_PRODUCT = YES;
			};
			name = Release;
		};
		FDE0CEB42A00F8390023F784 /* Debug */ = {
			isa = XCBuildConfiguration;
			buildSettings = {
				ASSETCATALOG_COMPILER_APPICON_NAME = AppIcon;
				ASSETCATALOG_COMPILER_GLOBAL_ACCENT_COLOR_NAME = AccentColor;
				CODE_SIGN_STYLE = Automatic;
				CURRENT_PROJECT_VERSION = 0.3.0;
				DEVELOPMENT_ASSET_PATHS = "\"Woof/Preview Content\"";
				ENABLE_PREVIEWS = YES;
				GENERATE_INFOPLIST_FILE = YES;
				INFOPLIST_KEY_UIApplicationSceneManifest_Generation = YES;
				INFOPLIST_KEY_UIApplicationSupportsIndirectInputEvents = YES;
				INFOPLIST_KEY_UILaunchScreen_Generation = YES;
				INFOPLIST_KEY_UISupportedInterfaceOrientations = UIInterfaceOrientationPortrait;
				INFOPLIST_KEY_UISupportedInterfaceOrientations_iPad = "";
				INFOPLIST_KEY_UIUserInterfaceStyle = Light;
				IPHONEOS_DEPLOYMENT_TARGET = 15.0;
				LD_RUNPATH_SEARCH_PATHS = (
					"$(inherited)",
					"@executable_path/Frameworks",
				);
				MARKETING_VERSION = 0.3.0;
				PRODUCT_BUNDLE_IDENTIFIER = com.iron.foundation.Woof;
				PRODUCT_NAME = "$(TARGET_NAME)";
				SUPPORTED_PLATFORMS = "iphoneos iphonesimulator";
				SUPPORTS_MACCATALYST = NO;
				SUPPORTS_MAC_DESIGNED_FOR_IPHONE_IPAD = NO;
				SWIFT_EMIT_LOC_STRINGS = YES;
				SWIFT_VERSION = 5.0;
				TARGETED_DEVICE_FAMILY = 1;
			};
			name = Debug;
		};
		FDE0CEB52A00F8390023F784 /* Release */ = {
			isa = XCBuildConfiguration;
			buildSettings = {
				ASSETCATALOG_COMPILER_APPICON_NAME = AppIcon;
				ASSETCATALOG_COMPILER_GLOBAL_ACCENT_COLOR_NAME = AccentColor;
				CODE_SIGN_STYLE = Automatic;
				CURRENT_PROJECT_VERSION = 0.3.0;
				DEVELOPMENT_ASSET_PATHS = "\"Woof/Preview Content\"";
				ENABLE_PREVIEWS = YES;
				GENERATE_INFOPLIST_FILE = YES;
				INFOPLIST_KEY_UIApplicationSceneManifest_Generation = YES;
				INFOPLIST_KEY_UIApplicationSupportsIndirectInputEvents = YES;
				INFOPLIST_KEY_UILaunchScreen_Generation = YES;
				INFOPLIST_KEY_UISupportedInterfaceOrientations = UIInterfaceOrientationPortrait;
				INFOPLIST_KEY_UISupportedInterfaceOrientations_iPad = "";
				INFOPLIST_KEY_UIUserInterfaceStyle = Light;
				IPHONEOS_DEPLOYMENT_TARGET = 15.0;
				LD_RUNPATH_SEARCH_PATHS = (
					"$(inherited)",
					"@executable_path/Frameworks",
				);
				MARKETING_VERSION = 0.3.0;
				PRODUCT_BUNDLE_IDENTIFIER = com.iron.foundation.Woof;
				PRODUCT_NAME = "$(TARGET_NAME)";
				SUPPORTED_PLATFORMS = "iphoneos iphonesimulator";
				SUPPORTS_MACCATALYST = NO;
				SUPPORTS_MAC_DESIGNED_FOR_IPHONE_IPAD = NO;
				SWIFT_EMIT_LOC_STRINGS = YES;
				SWIFT_VERSION = 5.0;
				TARGETED_DEVICE_FAMILY = 1;
			};
			name = Release;
		};
/* End XCBuildConfiguration section */

/* Begin XCConfigurationList section */
		FDD143FA2A052A11000BBA77 /* Build configuration list for PBXNativeTarget "WoofTests" */ = {
			isa = XCConfigurationList;
			buildConfigurations = (
				FDD143FB2A052A11000BBA77 /* Debug */,
				FDD143FC2A052A11000BBA77 /* Release */,
			);
			defaultConfigurationIsVisible = 0;
			defaultConfigurationName = Release;
		};
		FDE0CEA02A00F8370023F784 /* Build configuration list for PBXProject "Woof" */ = {
			isa = XCConfigurationList;
			buildConfigurations = (
				FDE0CEB12A00F8390023F784 /* Debug */,
				FDE0CEB22A00F8390023F784 /* Release */,
			);
			defaultConfigurationIsVisible = 0;
			defaultConfigurationName = Release;
		};
		FDE0CEB32A00F8390023F784 /* Build configuration list for PBXNativeTarget "Woof" */ = {
			isa = XCConfigurationList;
			buildConfigurations = (
				FDE0CEB42A00F8390023F784 /* Debug */,
				FDE0CEB52A00F8390023F784 /* Release */,
			);
			defaultConfigurationIsVisible = 0;
			defaultConfigurationName = Release;
		};
/* End XCConfigurationList section */
	};
	rootObject = FDE0CE9D2A00F8370023F784 /* Project object */;
}
