// !$*UTF8*$!
{
	archiveVersion = 1;
	classes = {
	};
	objectVersion = 56;
	objects = {

/* Begin PBXBuildFile section */
		3673D6372A04F7FD009D699D /* PetOwner.swift in Sources */ = {isa = PBXBuildFile; fileRef = 3673D6362A04F7FD009D699D /* PetOwner.swift */; };
		368BF0EC2A152FA500F3F750 /* LocalStorage.swift in Sources */ = {isa = PBXBuildFile; fileRef = 368BF0EB2A152FA500F3F750 /* LocalStorage.swift */; };
		368BF0EF2A16103B00F3F750 /* LocalStorage.swift in Sources */ = {isa = PBXBuildFile; fileRef = 368BF0EB2A152FA500F3F750 /* LocalStorage.swift */; };
		36BEA7582A1621B10020F6AE /* LocalStorageSaveTests.swift in Sources */ = {isa = PBXBuildFile; fileRef = 36BEA7572A1621B10020F6AE /* LocalStorageSaveTests.swift */; };
		36C54AFC2A17A79200748023 /* LocalStorageLoadTests.swift in Sources */ = {isa = PBXBuildFile; fileRef = 36C54AFB2A17A79200748023 /* LocalStorageLoadTests.swift */; };
		FD0291732A0E256F00F88377 /* GeneralInfoSectionView.swift in Sources */ = {isa = PBXBuildFile; fileRef = FD0291722A0E256F00F88377 /* GeneralInfoSectionView.swift */; };
		FD0291752A0E273500F88377 /* BioSectionView.swift in Sources */ = {isa = PBXBuildFile; fileRef = FD0291742A0E273500F88377 /* BioSectionView.swift */; };
		FD0291772A0E2B0700F88377 /* AppStyle+FontStyleTests.swift in Sources */ = {isa = PBXBuildFile; fileRef = FD0291762A0E2B0700F88377 /* AppStyle+FontStyleTests.swift */; };
		FD0291792A0E2B2300F88377 /* AppStyle+UIElementConstantTests.swift in Sources */ = {isa = PBXBuildFile; fileRef = FD0291782A0E2B2300F88377 /* AppStyle+UIElementConstantTests.swift */; };
		FD02917A2A0E2C5000F88377 /* AppStyle+FontStyle.swift in Sources */ = {isa = PBXBuildFile; fileRef = FD7F98A02A0E0E280058DBEB /* AppStyle+FontStyle.swift */; };
		FD02917B2A0E2C5300F88377 /* AppStyle+UIElementConstant.swift in Sources */ = {isa = PBXBuildFile; fileRef = FD7F98A22A0E10510058DBEB /* AppStyle+UIElementConstant.swift */; };
		FD02917C2A0E2CBC00F88377 /* AppStyle.swift in Sources */ = {isa = PBXBuildFile; fileRef = FD7F989E2A0E0D2C0058DBEB /* AppStyle.swift */; };
		FD1FA3B52A090916000A3A91 /* Sitter.swift in Sources */ = {isa = PBXBuildFile; fileRef = FDD143CC2A03E575000BBA77 /* Sitter.swift */; };
		FD1FA3C32A0A682E000A3A91 /* SitterCardViewModel.swift in Sources */ = {isa = PBXBuildFile; fileRef = FD1FA3C22A0A682E000A3A91 /* SitterCardViewModel.swift */; };
		FD1FA3CC2A0A781E000A3A91 /* Sitter+Dummy.swift in Sources */ = {isa = PBXBuildFile; fileRef = FD1FA3CB2A0A781E000A3A91 /* Sitter+Dummy.swift */; };
		FD2F7B2D2A0CDC44008F6F49 /* EmilyDoeAvatar.jpg in Resources */ = {isa = PBXBuildFile; fileRef = FD2F7B2C2A0CDC44008F6F49 /* EmilyDoeAvatar.jpg */; };
		FD2F7B322A0CE029008F6F49 /* Sitter.swift in Sources */ = {isa = PBXBuildFile; fileRef = FDD143CC2A03E575000BBA77 /* Sitter.swift */; };
		FD2F7B332A0CE032008F6F49 /* PetOwner.swift in Sources */ = {isa = PBXBuildFile; fileRef = 3673D6362A04F7FD009D699D /* PetOwner.swift */; };
		FD2F7B342A0CE03B008F6F49 /* SitterCardViewModel.swift in Sources */ = {isa = PBXBuildFile; fileRef = FD1FA3C22A0A682E000A3A91 /* SitterCardViewModel.swift */; };
		FD2FA2292A129C53002B618B /* SitterListView.swift in Sources */ = {isa = PBXBuildFile; fileRef = FD2FA2282A129C53002B618B /* SitterListView.swift */; };
		FD2FA22B2A129CA1002B618B /* SitterListViewModel.swift in Sources */ = {isa = PBXBuildFile; fileRef = FD2FA22A2A129CA1002B618B /* SitterListViewModel.swift */; };
		FD2FA2382A13BA20002B618B /* OliviaDavisAvatar.jpg in Resources */ = {isa = PBXBuildFile; fileRef = FD2FA2312A13BA20002B618B /* OliviaDavisAvatar.jpg */; };
		FD2FA2392A13BA20002B618B /* MichaelBrownAvatar.jpg in Resources */ = {isa = PBXBuildFile; fileRef = FD2FA2322A13BA20002B618B /* MichaelBrownAvatar.jpg */; };
		FD2FA23A2A13BA20002B618B /* AvaMooreAvatar.jpg in Resources */ = {isa = PBXBuildFile; fileRef = FD2FA2332A13BA20002B618B /* AvaMooreAvatar.jpg */; };
		FD2FA23B2A13BA20002B618B /* JaneSmithAvatar.jpg in Resources */ = {isa = PBXBuildFile; fileRef = FD2FA2342A13BA20002B618B /* JaneSmithAvatar.jpg */; };
		FD2FA23C2A13BA20002B618B /* JamesAndersonAvatar.jpg in Resources */ = {isa = PBXBuildFile; fileRef = FD2FA2352A13BA20002B618B /* JamesAndersonAvatar.jpg */; };
		FD2FA23D2A13BA20002B618B /* WilliamWilsonAvatar.jpg in Resources */ = {isa = PBXBuildFile; fileRef = FD2FA2362A13BA20002B618B /* WilliamWilsonAvatar.jpg */; };
		FD2FA23E2A13BA20002B618B /* JohnAlisonAvatar.jpg in Resources */ = {isa = PBXBuildFile; fileRef = FD2FA2372A13BA20002B618B /* JohnAlisonAvatar.jpg */; };
		FD2FA2402A13BE87002B618B /* SophiaTaylorAvatar.jpg in Resources */ = {isa = PBXBuildFile; fileRef = FD2FA23F2A13BE87002B618B /* SophiaTaylorAvatar.jpg */; };
		FD37A9902A0B65120001BABB /* DataTransformer.swift in Sources */ = {isa = PBXBuildFile; fileRef = FD37A98F2A0B65120001BABB /* DataTransformer.swift */; };
		FD37A9942A0B6E960001BABB /* FullNameTests.swift in Sources */ = {isa = PBXBuildFile; fileRef = FD37A9932A0B6E960001BABB /* FullNameTests.swift */; };
		FD37A9952A0B6EA90001BABB /* DataTransformer.swift in Sources */ = {isa = PBXBuildFile; fileRef = FD37A98F2A0B65120001BABB /* DataTransformer.swift */; };
		FD37A9982A0B77A90001BABB /* NormalizeToZeroToFiveRangeTests.swift in Sources */ = {isa = PBXBuildFile; fileRef = FD37A9972A0B77A90001BABB /* NormalizeToZeroToFiveRangeTests.swift */; };
		FD7F989D2A0E04650058DBEB /* SitterCardView.swift in Sources */ = {isa = PBXBuildFile; fileRef = FD7F989C2A0E04650058DBEB /* SitterCardView.swift */; };
		FD7F989F2A0E0D2C0058DBEB /* AppStyle.swift in Sources */ = {isa = PBXBuildFile; fileRef = FD7F989E2A0E0D2C0058DBEB /* AppStyle.swift */; };
		FD7F98A12A0E0E280058DBEB /* AppStyle+FontStyle.swift in Sources */ = {isa = PBXBuildFile; fileRef = FD7F98A02A0E0E280058DBEB /* AppStyle+FontStyle.swift */; };
		FD7F98A32A0E10510058DBEB /* AppStyle+UIElementConstant.swift in Sources */ = {isa = PBXBuildFile; fileRef = FD7F98A22A0E10510058DBEB /* AppStyle+UIElementConstant.swift */; };
		FD7F98A52A0E12290058DBEB /* AvatarView.swift in Sources */ = {isa = PBXBuildFile; fileRef = FD7F98A42A0E12290058DBEB /* AvatarView.swift */; };
		FDD143C72A03BD48000BBA77 /* OwnerMainTabView.swift in Sources */ = {isa = PBXBuildFile; fileRef = FDD143C62A03BD48000BBA77 /* OwnerMainTabView.swift */; };
		FDD143CB2A03C629000BBA77 /* Color+AppScheme.swift in Sources */ = {isa = PBXBuildFile; fileRef = FDD143CA2A03C629000BBA77 /* Color+AppScheme.swift */; };
		FDD143E02A051F96000BBA77 /* OwnerMainTabView+Tab.swift in Sources */ = {isa = PBXBuildFile; fileRef = FDD143DF2A051F96000BBA77 /* OwnerMainTabView+Tab.swift */; };
		FDD143E22A05233B000BBA77 /* Image+IconName.swift in Sources */ = {isa = PBXBuildFile; fileRef = FDD143E12A05233B000BBA77 /* Image+IconName.swift */; };
		FDD143F72A052A11000BBA77 /* Color+AppSchemeTests.swift in Sources */ = {isa = PBXBuildFile; fileRef = FDD143F62A052A11000BBA77 /* Color+AppSchemeTests.swift */; };
		FDD143FE2A052D5A000BBA77 /* Color+AppScheme.swift in Sources */ = {isa = PBXBuildFile; fileRef = FDD143CA2A03C629000BBA77 /* Color+AppScheme.swift */; };
		FDD143FF2A052D5E000BBA77 /* Image+IconName.swift in Sources */ = {isa = PBXBuildFile; fileRef = FDD143E12A05233B000BBA77 /* Image+IconName.swift */; };
		FDD144012A0532D5000BBA77 /* Image+IconNameTests.swift in Sources */ = {isa = PBXBuildFile; fileRef = FDD144002A0532D5000BBA77 /* Image+IconNameTests.swift */; };
		FDE0CEA92A00F8370023F784 /* WoofApp.swift in Sources */ = {isa = PBXBuildFile; fileRef = FDE0CEA82A00F8370023F784 /* WoofApp.swift */; };
		FDE0CEAD2A00F8390023F784 /* Assets.xcassets in Resources */ = {isa = PBXBuildFile; fileRef = FDE0CEAC2A00F8390023F784 /* Assets.xcassets */; };
		FDE0CEB02A00F8390023F784 /* Preview Assets.xcassets in Resources */ = {isa = PBXBuildFile; fileRef = FDE0CEAF2A00F8390023F784 /* Preview Assets.xcassets */; };
/* End PBXBuildFile section */

/* Begin PBXContainerItemProxy section */
		FDD143F82A052A11000BBA77 /* PBXContainerItemProxy */ = {
			isa = PBXContainerItemProxy;
			containerPortal = FDE0CE9D2A00F8370023F784 /* Project object */;
			proxyType = 1;
			remoteGlobalIDString = FDE0CEA42A00F8370023F784;
			remoteInfo = Woof;
		};
/* End PBXContainerItemProxy section */

/* Begin PBXFileReference section */
		3673D6362A04F7FD009D699D /* PetOwner.swift */ = {isa = PBXFileReference; lastKnownFileType = sourcecode.swift; path = PetOwner.swift; sourceTree = "<group>"; };
		368BF0EB2A152FA500F3F750 /* LocalStorage.swift */ = {isa = PBXFileReference; lastKnownFileType = sourcecode.swift; path = LocalStorage.swift; sourceTree = "<group>"; };
		36BEA7572A1621B10020F6AE /* LocalStorageSaveTests.swift */ = {isa = PBXFileReference; lastKnownFileType = sourcecode.swift; path = LocalStorageSaveTests.swift; sourceTree = "<group>"; };
		36C54AFB2A17A79200748023 /* LocalStorageLoadTests.swift */ = {isa = PBXFileReference; lastKnownFileType = sourcecode.swift; path = LocalStorageLoadTests.swift; sourceTree = "<group>"; };
		FD0291722A0E256F00F88377 /* GeneralInfoSectionView.swift */ = {isa = PBXFileReference; lastKnownFileType = sourcecode.swift; path = GeneralInfoSectionView.swift; sourceTree = "<group>"; };
		FD0291742A0E273500F88377 /* BioSectionView.swift */ = {isa = PBXFileReference; lastKnownFileType = sourcecode.swift; path = BioSectionView.swift; sourceTree = "<group>"; };
		FD0291762A0E2B0700F88377 /* AppStyle+FontStyleTests.swift */ = {isa = PBXFileReference; lastKnownFileType = sourcecode.swift; path = "AppStyle+FontStyleTests.swift"; sourceTree = "<group>"; };
		FD0291782A0E2B2300F88377 /* AppStyle+UIElementConstantTests.swift */ = {isa = PBXFileReference; lastKnownFileType = sourcecode.swift; path = "AppStyle+UIElementConstantTests.swift"; sourceTree = "<group>"; };
		FD1FA3C22A0A682E000A3A91 /* SitterCardViewModel.swift */ = {isa = PBXFileReference; lastKnownFileType = sourcecode.swift; path = SitterCardViewModel.swift; sourceTree = "<group>"; };
		FD1FA3CB2A0A781E000A3A91 /* Sitter+Dummy.swift */ = {isa = PBXFileReference; lastKnownFileType = sourcecode.swift; path = "Sitter+Dummy.swift"; sourceTree = "<group>"; };
		FD2F7B2C2A0CDC44008F6F49 /* EmilyDoeAvatar.jpg */ = {isa = PBXFileReference; lastKnownFileType = image.jpeg; path = EmilyDoeAvatar.jpg; sourceTree = "<group>"; };
		FD2FA2282A129C53002B618B /* SitterListView.swift */ = {isa = PBXFileReference; lastKnownFileType = sourcecode.swift; path = SitterListView.swift; sourceTree = "<group>"; };
		FD2FA22A2A129CA1002B618B /* SitterListViewModel.swift */ = {isa = PBXFileReference; lastKnownFileType = sourcecode.swift; path = SitterListViewModel.swift; sourceTree = "<group>"; };
		FD2FA2312A13BA20002B618B /* OliviaDavisAvatar.jpg */ = {isa = PBXFileReference; lastKnownFileType = image.jpeg; path = OliviaDavisAvatar.jpg; sourceTree = "<group>"; };
		FD2FA2322A13BA20002B618B /* MichaelBrownAvatar.jpg */ = {isa = PBXFileReference; lastKnownFileType = image.jpeg; path = MichaelBrownAvatar.jpg; sourceTree = "<group>"; };
		FD2FA2332A13BA20002B618B /* AvaMooreAvatar.jpg */ = {isa = PBXFileReference; lastKnownFileType = image.jpeg; path = AvaMooreAvatar.jpg; sourceTree = "<group>"; };
		FD2FA2342A13BA20002B618B /* JaneSmithAvatar.jpg */ = {isa = PBXFileReference; lastKnownFileType = image.jpeg; path = JaneSmithAvatar.jpg; sourceTree = "<group>"; };
		FD2FA2352A13BA20002B618B /* JamesAndersonAvatar.jpg */ = {isa = PBXFileReference; lastKnownFileType = image.jpeg; path = JamesAndersonAvatar.jpg; sourceTree = "<group>"; };
		FD2FA2362A13BA20002B618B /* WilliamWilsonAvatar.jpg */ = {isa = PBXFileReference; lastKnownFileType = image.jpeg; path = WilliamWilsonAvatar.jpg; sourceTree = "<group>"; };
		FD2FA2372A13BA20002B618B /* JohnAlisonAvatar.jpg */ = {isa = PBXFileReference; lastKnownFileType = image.jpeg; path = JohnAlisonAvatar.jpg; sourceTree = "<group>"; };
		FD2FA23F2A13BE87002B618B /* SophiaTaylorAvatar.jpg */ = {isa = PBXFileReference; lastKnownFileType = image.jpeg; path = SophiaTaylorAvatar.jpg; sourceTree = "<group>"; };
		FD37A98F2A0B65120001BABB /* DataTransformer.swift */ = {isa = PBXFileReference; lastKnownFileType = sourcecode.swift; path = DataTransformer.swift; sourceTree = "<group>"; };
		FD37A9932A0B6E960001BABB /* FullNameTests.swift */ = {isa = PBXFileReference; lastKnownFileType = sourcecode.swift; path = FullNameTests.swift; sourceTree = "<group>"; };
		FD37A9972A0B77A90001BABB /* NormalizeToZeroToFiveRangeTests.swift */ = {isa = PBXFileReference; lastKnownFileType = sourcecode.swift; path = NormalizeToZeroToFiveRangeTests.swift; sourceTree = "<group>"; };
		FD7F989C2A0E04650058DBEB /* SitterCardView.swift */ = {isa = PBXFileReference; lastKnownFileType = sourcecode.swift; path = SitterCardView.swift; sourceTree = "<group>"; };
		FD7F989E2A0E0D2C0058DBEB /* AppStyle.swift */ = {isa = PBXFileReference; lastKnownFileType = sourcecode.swift; path = AppStyle.swift; sourceTree = "<group>"; };
		FD7F98A02A0E0E280058DBEB /* AppStyle+FontStyle.swift */ = {isa = PBXFileReference; lastKnownFileType = sourcecode.swift; path = "AppStyle+FontStyle.swift"; sourceTree = "<group>"; };
		FD7F98A22A0E10510058DBEB /* AppStyle+UIElementConstant.swift */ = {isa = PBXFileReference; lastKnownFileType = sourcecode.swift; path = "AppStyle+UIElementConstant.swift"; sourceTree = "<group>"; };
		FD7F98A42A0E12290058DBEB /* AvatarView.swift */ = {isa = PBXFileReference; lastKnownFileType = sourcecode.swift; path = AvatarView.swift; sourceTree = "<group>"; };
		FDD143C62A03BD48000BBA77 /* OwnerMainTabView.swift */ = {isa = PBXFileReference; lastKnownFileType = sourcecode.swift; path = OwnerMainTabView.swift; sourceTree = "<group>"; };
		FDD143CA2A03C629000BBA77 /* Color+AppScheme.swift */ = {isa = PBXFileReference; lastKnownFileType = sourcecode.swift; path = "Color+AppScheme.swift"; sourceTree = "<group>"; };
		FDD143CC2A03E575000BBA77 /* Sitter.swift */ = {isa = PBXFileReference; lastKnownFileType = sourcecode.swift; path = Sitter.swift; sourceTree = "<group>"; };
		FDD143DF2A051F96000BBA77 /* OwnerMainTabView+Tab.swift */ = {isa = PBXFileReference; lastKnownFileType = sourcecode.swift; path = "OwnerMainTabView+Tab.swift"; sourceTree = "<group>"; };
		FDD143E12A05233B000BBA77 /* Image+IconName.swift */ = {isa = PBXFileReference; lastKnownFileType = sourcecode.swift; path = "Image+IconName.swift"; sourceTree = "<group>"; };
		FDD143F42A052A11000BBA77 /* WoofTests.xctest */ = {isa = PBXFileReference; explicitFileType = wrapper.cfbundle; includeInIndex = 0; path = WoofTests.xctest; sourceTree = BUILT_PRODUCTS_DIR; };
		FDD143F62A052A11000BBA77 /* Color+AppSchemeTests.swift */ = {isa = PBXFileReference; lastKnownFileType = sourcecode.swift; path = "Color+AppSchemeTests.swift"; sourceTree = "<group>"; };
		FDD144002A0532D5000BBA77 /* Image+IconNameTests.swift */ = {isa = PBXFileReference; lastKnownFileType = sourcecode.swift; path = "Image+IconNameTests.swift"; sourceTree = "<group>"; };
		FDE0CEA52A00F8370023F784 /* Woof.app */ = {isa = PBXFileReference; explicitFileType = wrapper.application; includeInIndex = 0; path = Woof.app; sourceTree = BUILT_PRODUCTS_DIR; };
		FDE0CEA82A00F8370023F784 /* WoofApp.swift */ = {isa = PBXFileReference; lastKnownFileType = sourcecode.swift; path = WoofApp.swift; sourceTree = "<group>"; };
		FDE0CEAC2A00F8390023F784 /* Assets.xcassets */ = {isa = PBXFileReference; lastKnownFileType = folder.assetcatalog; path = Assets.xcassets; sourceTree = "<group>"; };
		FDE0CEAF2A00F8390023F784 /* Preview Assets.xcassets */ = {isa = PBXFileReference; lastKnownFileType = folder.assetcatalog; path = "Preview Assets.xcassets"; sourceTree = "<group>"; };
/* End PBXFileReference section */

/* Begin PBXFrameworksBuildPhase section */
		FDD143F12A052A11000BBA77 /* Frameworks */ = {
			isa = PBXFrameworksBuildPhase;
			buildActionMask = 2147483647;
			files = (
			);
			runOnlyForDeploymentPostprocessing = 0;
		};
		FDE0CEA22A00F8370023F784 /* Frameworks */ = {
			isa = PBXFrameworksBuildPhase;
			buildActionMask = 2147483647;
			files = (
			);
			runOnlyForDeploymentPostprocessing = 0;
		};
/* End PBXFrameworksBuildPhase section */

/* Begin PBXGroup section */
		36BEA7592A1621B70020F6AE /* Model */ = {
			isa = PBXGroup;
			children = (
				36BEA75A2A1621C00020F6AE /* LocalStorage */,
			);
			path = Model;
			sourceTree = "<group>";
		};
		36BEA75A2A1621C00020F6AE /* LocalStorage */ = {
			isa = PBXGroup;
			children = (
				36BEA7572A1621B10020F6AE /* LocalStorageSaveTests.swift */,
				36C54AFB2A17A79200748023 /* LocalStorageLoadTests.swift */,
			);
			path = LocalStorage;
			sourceTree = "<group>";
		};
		36C54AFA2A1631CC00748023 /* LocalStorage */ = {
			isa = PBXGroup;
			children = (
				368BF0EB2A152FA500F3F750 /* LocalStorage.swift */,
			);
			path = LocalStorage;
			sourceTree = "<group>";
		};
		FD0291702A0E16D000F88377 /* AppStyle */ = {
			isa = PBXGroup;
			children = (
				FD7F989E2A0E0D2C0058DBEB /* AppStyle.swift */,
				FD7F98A02A0E0E280058DBEB /* AppStyle+FontStyle.swift */,
				FD7F98A22A0E10510058DBEB /* AppStyle+UIElementConstant.swift */,
				FDD143CA2A03C629000BBA77 /* Color+AppScheme.swift */,
				FDD143E12A05233B000BBA77 /* Image+IconName.swift */,
			);
			path = AppStyle;
			sourceTree = "<group>";
		};
		FD0291712A0E16DF00F88377 /* AppStyleTests */ = {
			isa = PBXGroup;
			children = (
				FDD143F62A052A11000BBA77 /* Color+AppSchemeTests.swift */,
				FDD144002A0532D5000BBA77 /* Image+IconNameTests.swift */,
				FD0291762A0E2B0700F88377 /* AppStyle+FontStyleTests.swift */,
				FD0291782A0E2B2300F88377 /* AppStyle+UIElementConstantTests.swift */,
			);
			path = AppStyleTests;
			sourceTree = "<group>";
		};
		FD1FA3CA2A0A77FE000A3A91 /* Sitter */ = {
			isa = PBXGroup;
			children = (
				FDD143CC2A03E575000BBA77 /* Sitter.swift */,
				FD1FA3CB2A0A781E000A3A91 /* Sitter+Dummy.swift */,
			);
			path = Sitter;
			sourceTree = "<group>";
		};
		FD1FA3CD2A0A7DDB000A3A91 /* Helper */ = {
			isa = PBXGroup;
			children = (
				FD0291712A0E16DF00F88377 /* AppStyleTests */,
				FD37A9962A0B76BA0001BABB /* DataTransformerTests */,
			);
			path = Helper;
			sourceTree = "<group>";
		};
		FD2F7B2B2A0CDC09008F6F49 /* Images */ = {
			isa = PBXGroup;
			children = (
				FD2F7B2F2A0CDCE7008F6F49 /* Mock */,
			);
			path = Images;
			sourceTree = "<group>";
		};
		FD2F7B2E2A0CDCCB008F6F49 /* Resources */ = {
			isa = PBXGroup;
			children = (
				FD2F7B2B2A0CDC09008F6F49 /* Images */,
			);
			path = Resources;
			sourceTree = "<group>";
		};
		FD2F7B2F2A0CDCE7008F6F49 /* Mock */ = {
			isa = PBXGroup;
			children = (
				FD2FA23F2A13BE87002B618B /* SophiaTaylorAvatar.jpg */,
				FD2F7B2C2A0CDC44008F6F49 /* EmilyDoeAvatar.jpg */,
				FD2FA2332A13BA20002B618B /* AvaMooreAvatar.jpg */,
				FD2FA2352A13BA20002B618B /* JamesAndersonAvatar.jpg */,
				FD2FA2342A13BA20002B618B /* JaneSmithAvatar.jpg */,
				FD2FA2372A13BA20002B618B /* JohnAlisonAvatar.jpg */,
				FD2FA2322A13BA20002B618B /* MichaelBrownAvatar.jpg */,
				FD2FA2312A13BA20002B618B /* OliviaDavisAvatar.jpg */,
				FD2FA2362A13BA20002B618B /* WilliamWilsonAvatar.jpg */,
			);
			path = Mock;
			sourceTree = "<group>";
		};
		FD2FA2272A129C32002B618B /* SitterCardView */ = {
			isa = PBXGroup;
			children = (
				FD7F989C2A0E04650058DBEB /* SitterCardView.swift */,
				FD7F98A42A0E12290058DBEB /* AvatarView.swift */,
				FD0291722A0E256F00F88377 /* GeneralInfoSectionView.swift */,
				FD0291742A0E273500F88377 /* BioSectionView.swift */,
			);
			path = SitterCardView;
			sourceTree = "<group>";
		};
		FD37A9962A0B76BA0001BABB /* DataTransformerTests */ = {
			isa = PBXGroup;
			children = (
				FD37A9932A0B6E960001BABB /* FullNameTests.swift */,
				FD37A9972A0B77A90001BABB /* NormalizeToZeroToFiveRangeTests.swift */,
			);
			path = DataTransformerTests;
			sourceTree = "<group>";
		};
		FD7F989A2A0E041A0058DBEB /* OwnerMainTabView */ = {
			isa = PBXGroup;
			children = (
				FDD143C62A03BD48000BBA77 /* OwnerMainTabView.swift */,
				FDD143DF2A051F96000BBA77 /* OwnerMainTabView+Tab.swift */,
			);
			path = OwnerMainTabView;
			sourceTree = "<group>";
		};
		FD7F989B2A0E04390058DBEB /* SitterListView */ = {
			isa = PBXGroup;
			children = (
				FD2FA2272A129C32002B618B /* SitterCardView */,
				FD2FA2282A129C53002B618B /* SitterListView.swift */,
			);
			path = SitterListView;
			sourceTree = "<group>";
		};
		FDAA7BF52A0CB8E2007905CB /* DataTrasnformer */ = {
			isa = PBXGroup;
			children = (
				FD37A98F2A0B65120001BABB /* DataTransformer.swift */,
			);
			path = DataTrasnformer;
			sourceTree = "<group>";
		};
		FDD143F52A052A11000BBA77 /* WoofTests */ = {
			isa = PBXGroup;
			children = (
				36BEA7592A1621B70020F6AE /* Model */,
				FD1FA3CD2A0A7DDB000A3A91 /* Helper */,
			);
			path = WoofTests;
			sourceTree = "<group>";
		};
		FDE0CE9C2A00F8370023F784 = {
			isa = PBXGroup;
			children = (
				FDE0CEA72A00F8370023F784 /* Woof */,
				FDD143F52A052A11000BBA77 /* WoofTests */,
				FDE0CEA62A00F8370023F784 /* Products */,
			);
			sourceTree = "<group>";
		};
		FDE0CEA62A00F8370023F784 /* Products */ = {
			isa = PBXGroup;
			children = (
				FDE0CEA52A00F8370023F784 /* Woof.app */,
				FDD143F42A052A11000BBA77 /* WoofTests.xctest */,
			);
			name = Products;
			sourceTree = "<group>";
		};
		FDE0CEA72A00F8370023F784 /* Woof */ = {
			isa = PBXGroup;
			children = (
				FDE0CEA82A00F8370023F784 /* WoofApp.swift */,
				FDE0CEBB2A0269280023F784 /* Model */,
				FDE0CEBA2A02691D0023F784 /* View */,
				FDE0CEBC2A02693A0023F784 /* ViewModel */,
				FD2F7B2E2A0CDCCB008F6F49 /* Resources */,
				FDE0CEBD2A0269570023F784 /* Helper */,
				FDE0CEAC2A00F8390023F784 /* Assets.xcassets */,
				FDE0CEAE2A00F8390023F784 /* Preview Content */,
			);
			path = Woof;
			sourceTree = "<group>";
		};
		FDE0CEAE2A00F8390023F784 /* Preview Content */ = {
			isa = PBXGroup;
			children = (
				FDE0CEAF2A00F8390023F784 /* Preview Assets.xcassets */,
			);
			path = "Preview Content";
			sourceTree = "<group>";
		};
		FDE0CEBA2A02691D0023F784 /* View */ = {
			isa = PBXGroup;
			children = (
				FD7F989A2A0E041A0058DBEB /* OwnerMainTabView */,
				FD7F989B2A0E04390058DBEB /* SitterListView */,
			);
			path = View;
			sourceTree = "<group>";
		};
		FDE0CEBB2A0269280023F784 /* Model */ = {
			isa = PBXGroup;
			children = (
				3673D6362A04F7FD009D699D /* PetOwner.swift */,
				36C54AFA2A1631CC00748023 /* LocalStorage */,
				FD1FA3CA2A0A77FE000A3A91 /* Sitter */,
			);
			path = Model;
			sourceTree = "<group>";
		};
		FDE0CEBC2A02693A0023F784 /* ViewModel */ = {
			isa = PBXGroup;
			children = (
				FD1FA3C22A0A682E000A3A91 /* SitterCardViewModel.swift */,
				FD2FA22A2A129CA1002B618B /* SitterListViewModel.swift */,
			);
			path = ViewModel;
			sourceTree = "<group>";
		};
		FDE0CEBD2A0269570023F784 /* Helper */ = {
			isa = PBXGroup;
			children = (
				FD0291702A0E16D000F88377 /* AppStyle */,
				FDAA7BF52A0CB8E2007905CB /* DataTrasnformer */,
			);
			path = Helper;
			sourceTree = "<group>";
		};
/* End PBXGroup section */

/* Begin PBXNativeTarget section */
		FDD143F32A052A11000BBA77 /* WoofTests */ = {
			isa = PBXNativeTarget;
			buildConfigurationList = FDD143FA2A052A11000BBA77 /* Build configuration list for PBXNativeTarget "WoofTests" */;
			buildPhases = (
				FDD143F02A052A11000BBA77 /* Sources */,
				FDD143F12A052A11000BBA77 /* Frameworks */,
				FDD143F22A052A11000BBA77 /* Resources */,
			);
			buildRules = (
			);
			dependencies = (
				FDD143F92A052A11000BBA77 /* PBXTargetDependency */,
			);
			name = WoofTests;
			productName = WoofTests;
			productReference = FDD143F42A052A11000BBA77 /* WoofTests.xctest */;
			productType = "com.apple.product-type.bundle.unit-test";
		};
		FDE0CEA42A00F8370023F784 /* Woof */ = {
			isa = PBXNativeTarget;
			buildConfigurationList = FDE0CEB32A00F8390023F784 /* Build configuration list for PBXNativeTarget "Woof" */;
			buildPhases = (
				FDE0CEA12A00F8370023F784 /* Sources */,
				FDE0CEA22A00F8370023F784 /* Frameworks */,
				FDE0CEA32A00F8370023F784 /* Resources */,
				FDE0CEB82A011BA10023F784 /* Swiftlint */,
				FDE0CEB92A011BBE0023F784 /* Swiftformat */,
			);
			buildRules = (
			);
			dependencies = (
			);
			name = Woof;
			productName = Woof;
			productReference = FDE0CEA52A00F8370023F784 /* Woof.app */;
			productType = "com.apple.product-type.application";
		};
/* End PBXNativeTarget section */

/* Begin PBXProject section */
		FDE0CE9D2A00F8370023F784 /* Project object */ = {
			isa = PBXProject;
			attributes = {
				BuildIndependentTargetsInParallel = 1;
				LastSwiftUpdateCheck = 1430;
				LastUpgradeCheck = 1430;
				TargetAttributes = {
					FDD143F32A052A11000BBA77 = {
						CreatedOnToolsVersion = 14.3;
						TestTargetID = FDE0CEA42A00F8370023F784;
					};
					FDE0CEA42A00F8370023F784 = {
						CreatedOnToolsVersion = 14.3;
					};
				};
			};
			buildConfigurationList = FDE0CEA02A00F8370023F784 /* Build configuration list for PBXProject "Woof" */;
			compatibilityVersion = "Xcode 14.0";
			developmentRegion = en;
			hasScannedForEncodings = 0;
			knownRegions = (
				en,
				Base,
			);
			mainGroup = FDE0CE9C2A00F8370023F784;
			productRefGroup = FDE0CEA62A00F8370023F784 /* Products */;
			projectDirPath = "";
			projectRoot = "";
			targets = (
				FDE0CEA42A00F8370023F784 /* Woof */,
				FDD143F32A052A11000BBA77 /* WoofTests */,
			);
		};
/* End PBXProject section */

/* Begin PBXResourcesBuildPhase section */
		FDD143F22A052A11000BBA77 /* Resources */ = {
			isa = PBXResourcesBuildPhase;
			buildActionMask = 2147483647;
			files = (
			);
			runOnlyForDeploymentPostprocessing = 0;
		};
		FDE0CEA32A00F8370023F784 /* Resources */ = {
			isa = PBXResourcesBuildPhase;
			buildActionMask = 2147483647;
			files = (
				FD2FA23A2A13BA20002B618B /* AvaMooreAvatar.jpg in Resources */,
				FD2FA2402A13BE87002B618B /* SophiaTaylorAvatar.jpg in Resources */,
				FDE0CEB02A00F8390023F784 /* Preview Assets.xcassets in Resources */,
				FDE0CEAD2A00F8390023F784 /* Assets.xcassets in Resources */,
				FD2FA23B2A13BA20002B618B /* JaneSmithAvatar.jpg in Resources */,
				FD2FA2382A13BA20002B618B /* OliviaDavisAvatar.jpg in Resources */,
				FD2FA23E2A13BA20002B618B /* JohnAlisonAvatar.jpg in Resources */,
				FD2FA23D2A13BA20002B618B /* WilliamWilsonAvatar.jpg in Resources */,
				FD2FA2392A13BA20002B618B /* MichaelBrownAvatar.jpg in Resources */,
				FD2F7B2D2A0CDC44008F6F49 /* EmilyDoeAvatar.jpg in Resources */,
				FD2FA23C2A13BA20002B618B /* JamesAndersonAvatar.jpg in Resources */,
			);
			runOnlyForDeploymentPostprocessing = 0;
		};
/* End PBXResourcesBuildPhase section */

/* Begin PBXShellScriptBuildPhase section */
		FDE0CEB82A011BA10023F784 /* Swiftlint */ = {
			isa = PBXShellScriptBuildPhase;
			alwaysOutOfDate = 1;
			buildActionMask = 2147483647;
			files = (
			);
			inputFileListPaths = (
			);
			inputPaths = (
			);
			name = Swiftlint;
			outputFileListPaths = (
			);
			outputPaths = (
			);
			runOnlyForDeploymentPostprocessing = 0;
			shellPath = /bin/sh;
			shellScript = "export PATH=\"$PATH:/opt/homebrew/bin\"\nif which swiftlint > /dev/null; then\n  swiftlint --config ../.swiftlint.yml\nelse\n  echo \"warning: SwiftLint not installed, download from https://github.com/realm/SwiftLint\"\nfi\n";
		};
		FDE0CEB92A011BBE0023F784 /* Swiftformat */ = {
			isa = PBXShellScriptBuildPhase;
			alwaysOutOfDate = 1;
			buildActionMask = 2147483647;
			files = (
			);
			inputFileListPaths = (
			);
			inputPaths = (
			);
			name = Swiftformat;
			outputFileListPaths = (
			);
			outputPaths = (
			);
			runOnlyForDeploymentPostprocessing = 0;
			shellPath = /bin/sh;
			shellScript = "export PATH=\"$PATH:/opt/homebrew/bin\"\nif which swiftformat >/dev/null; then\n  swiftformat --config \"../.swiftformat\" .\nelse\n  echo \"warning: SwiftFormat not installed, download from https://github.com/nicklockwood/SwiftFormat\"\nfi\n";
		};
/* End PBXShellScriptBuildPhase section */

/* Begin PBXSourcesBuildPhase section */
		FDD143F02A052A11000BBA77 /* Sources */ = {
			isa = PBXSourcesBuildPhase;
			buildActionMask = 2147483647;
			files = (
				36BEA7582A1621B10020F6AE /* LocalStorageSaveTests.swift in Sources */,
				36C54AFC2A17A79200748023 /* LocalStorageLoadTests.swift in Sources */,
				FD02917A2A0E2C5000F88377 /* AppStyle+FontStyle.swift in Sources */,
				FD0291772A0E2B0700F88377 /* AppStyle+FontStyleTests.swift in Sources */,
				FD0291792A0E2B2300F88377 /* AppStyle+UIElementConstantTests.swift in Sources */,
				FD37A9942A0B6E960001BABB /* FullNameTests.swift in Sources */,
				FDD143F72A052A11000BBA77 /* Color+AppSchemeTests.swift in Sources */,
				FD2F7B322A0CE029008F6F49 /* Sitter.swift in Sources */,
				FD02917C2A0E2CBC00F88377 /* AppStyle.swift in Sources */,
				FD2F7B332A0CE032008F6F49 /* PetOwner.swift in Sources */,
				FDD143FE2A052D5A000BBA77 /* Color+AppScheme.swift in Sources */,
				FDD144012A0532D5000BBA77 /* Image+IconNameTests.swift in Sources */,
				FD02917B2A0E2C5300F88377 /* AppStyle+UIElementConstant.swift in Sources */,
				FD37A9982A0B77A90001BABB /* NormalizeToZeroToFiveRangeTests.swift in Sources */,
				FDD143FF2A052D5E000BBA77 /* Image+IconName.swift in Sources */,
				368BF0EF2A16103B00F3F750 /* LocalStorage.swift in Sources */,
				FD37A9952A0B6EA90001BABB /* DataTransformer.swift in Sources */,
				FD2F7B342A0CE03B008F6F49 /* SitterCardViewModel.swift in Sources */,
			);
			runOnlyForDeploymentPostprocessing = 0;
		};
		FDE0CEA12A00F8370023F784 /* Sources */ = {
			isa = PBXSourcesBuildPhase;
			buildActionMask = 2147483647;
			files = (
				FD1FA3B52A090916000A3A91 /* Sitter.swift in Sources */,
				368BF0EC2A152FA500F3F750 /* LocalStorage.swift in Sources */,
				FDD143E22A05233B000BBA77 /* Image+IconName.swift in Sources */,
				FDD143C72A03BD48000BBA77 /* OwnerMainTabView.swift in Sources */,
				FD7F989F2A0E0D2C0058DBEB /* AppStyle.swift in Sources */,
				FDD143CB2A03C629000BBA77 /* Color+AppScheme.swift in Sources */,
				FD0291732A0E256F00F88377 /* GeneralInfoSectionView.swift in Sources */,
				FDD143E02A051F96000BBA77 /* OwnerMainTabView+Tab.swift in Sources */,
				FD1FA3C32A0A682E000A3A91 /* SitterCardViewModel.swift in Sources */,
				FD7F98A12A0E0E280058DBEB /* AppStyle+FontStyle.swift in Sources */,
				FD2FA2292A129C53002B618B /* SitterListView.swift in Sources */,
				3673D6372A04F7FD009D699D /* PetOwner.swift in Sources */,
				FD7F98A32A0E10510058DBEB /* AppStyle+UIElementConstant.swift in Sources */,
				FD37A9902A0B65120001BABB /* DataTransformer.swift in Sources */,
				FD7F989D2A0E04650058DBEB /* SitterCardView.swift in Sources */,
				FD2FA22B2A129CA1002B618B /* SitterListViewModel.swift in Sources */,
				FDE0CEA92A00F8370023F784 /* WoofApp.swift in Sources */,
				FD7F98A52A0E12290058DBEB /* AvatarView.swift in Sources */,
				FD1FA3CC2A0A781E000A3A91 /* Sitter+Dummy.swift in Sources */,
				FD0291752A0E273500F88377 /* BioSectionView.swift in Sources */,
			);
			runOnlyForDeploymentPostprocessing = 0;
		};
/* End PBXSourcesBuildPhase section */

/* Begin PBXTargetDependency section */
		FDD143F92A052A11000BBA77 /* PBXTargetDependency */ = {
			isa = PBXTargetDependency;
			target = FDE0CEA42A00F8370023F784 /* Woof */;
			targetProxy = FDD143F82A052A11000BBA77 /* PBXContainerItemProxy */;
		};
/* End PBXTargetDependency section */

/* Begin XCBuildConfiguration section */
		FDD143FB2A052A11000BBA77 /* Debug */ = {
			isa = XCBuildConfiguration;
			buildSettings = {
				BUNDLE_LOADER = "$(TEST_HOST)";
				CODE_SIGN_STYLE = Automatic;
				CURRENT_PROJECT_VERSION = 0.1.0;
				GENERATE_INFOPLIST_FILE = YES;
				INFOPLIST_KEY_UIUserInterfaceStyle = "$(MARKETING_VERSION)";
				IPHONEOS_DEPLOYMENT_TARGET = 15.0;
				MARKETING_VERSION = 0.1.0;
				PRODUCT_BUNDLE_IDENTIFIER = com.iron.foundation.WoofTests;
				PRODUCT_NAME = "$(TARGET_NAME)";
				SUPPORTED_PLATFORMS = "iphoneos iphonesimulator";
				SUPPORTS_MACCATALYST = NO;
				SUPPORTS_MAC_DESIGNED_FOR_IPHONE_IPAD = NO;
				SWIFT_EMIT_LOC_STRINGS = NO;
				SWIFT_VERSION = 5.0;
				TARGETED_DEVICE_FAMILY = 1;
				TEST_HOST = "$(BUILT_PRODUCTS_DIR)/Woof.app/$(BUNDLE_EXECUTABLE_FOLDER_PATH)/Woof";
			};
			name = Debug;
		};
		FDD143FC2A052A11000BBA77 /* Release */ = {
			isa = XCBuildConfiguration;
			buildSettings = {
				BUNDLE_LOADER = "$(TEST_HOST)";
				CODE_SIGN_STYLE = Automatic;
				CURRENT_PROJECT_VERSION = 0.1.0;
				GENERATE_INFOPLIST_FILE = YES;
				INFOPLIST_KEY_UIUserInterfaceStyle = "$(MARKETING_VERSION)";
				IPHONEOS_DEPLOYMENT_TARGET = 15.0;
				MARKETING_VERSION = 0.1.0;
				PRODUCT_BUNDLE_IDENTIFIER = com.iron.foundation.WoofTests;
				PRODUCT_NAME = "$(TARGET_NAME)";
				SUPPORTED_PLATFORMS = "iphoneos iphonesimulator";
				SUPPORTS_MACCATALYST = NO;
				SUPPORTS_MAC_DESIGNED_FOR_IPHONE_IPAD = NO;
				SWIFT_EMIT_LOC_STRINGS = NO;
				SWIFT_VERSION = 5.0;
				TARGETED_DEVICE_FAMILY = 1;
				TEST_HOST = "$(BUILT_PRODUCTS_DIR)/Woof.app/$(BUNDLE_EXECUTABLE_FOLDER_PATH)/Woof";
			};
			name = Release;
		};
		FDE0CEB12A00F8390023F784 /* Debug */ = {
			isa = XCBuildConfiguration;
			buildSettings = {
				ALWAYS_SEARCH_USER_PATHS = NO;
				CLANG_ANALYZER_NONNULL = YES;
				CLANG_ANALYZER_NUMBER_OBJECT_CONVERSION = YES_AGGRESSIVE;
				CLANG_CXX_LANGUAGE_STANDARD = "gnu++20";
				CLANG_ENABLE_MODULES = YES;
				CLANG_ENABLE_OBJC_ARC = YES;
				CLANG_ENABLE_OBJC_WEAK = YES;
				CLANG_WARN_BLOCK_CAPTURE_AUTORELEASING = YES;
				CLANG_WARN_BOOL_CONVERSION = YES;
				CLANG_WARN_COMMA = YES;
				CLANG_WARN_CONSTANT_CONVERSION = YES;
				CLANG_WARN_DEPRECATED_OBJC_IMPLEMENTATIONS = YES;
				CLANG_WARN_DIRECT_OBJC_ISA_USAGE = YES_ERROR;
				CLANG_WARN_DOCUMENTATION_COMMENTS = YES;
				CLANG_WARN_EMPTY_BODY = YES;
				CLANG_WARN_ENUM_CONVERSION = YES;
				CLANG_WARN_INFINITE_RECURSION = YES;
				CLANG_WARN_INT_CONVERSION = YES;
				CLANG_WARN_NON_LITERAL_NULL_CONVERSION = YES;
				CLANG_WARN_OBJC_IMPLICIT_RETAIN_SELF = YES;
				CLANG_WARN_OBJC_LITERAL_CONVERSION = YES;
				CLANG_WARN_OBJC_ROOT_CLASS = YES_ERROR;
				CLANG_WARN_QUOTED_INCLUDE_IN_FRAMEWORK_HEADER = YES;
				CLANG_WARN_RANGE_LOOP_ANALYSIS = YES;
				CLANG_WARN_STRICT_PROTOTYPES = YES;
				CLANG_WARN_SUSPICIOUS_MOVE = YES;
				CLANG_WARN_UNGUARDED_AVAILABILITY = YES_AGGRESSIVE;
				CLANG_WARN_UNREACHABLE_CODE = YES;
				CLANG_WARN__DUPLICATE_METHOD_MATCH = YES;
				COPY_PHASE_STRIP = NO;
				DEBUG_INFORMATION_FORMAT = dwarf;
				ENABLE_STRICT_OBJC_MSGSEND = YES;
				ENABLE_TESTABILITY = YES;
				GCC_C_LANGUAGE_STANDARD = gnu11;
				GCC_DYNAMIC_NO_PIC = NO;
				GCC_NO_COMMON_BLOCKS = YES;
				GCC_OPTIMIZATION_LEVEL = 0;
				GCC_PREPROCESSOR_DEFINITIONS = (
					"DEBUG=1",
					"$(inherited)",
				);
				GCC_WARN_64_TO_32_BIT_CONVERSION = YES;
				GCC_WARN_ABOUT_RETURN_TYPE = YES_ERROR;
				GCC_WARN_UNDECLARED_SELECTOR = YES;
				GCC_WARN_UNINITIALIZED_AUTOS = YES_AGGRESSIVE;
				GCC_WARN_UNUSED_FUNCTION = YES;
				GCC_WARN_UNUSED_VARIABLE = YES;
				IPHONEOS_DEPLOYMENT_TARGET = 15.0;
				MTL_ENABLE_DEBUG_INFO = INCLUDE_SOURCE;
				MTL_FAST_MATH = YES;
				ONLY_ACTIVE_ARCH = YES;
				SDKROOT = iphoneos;
				SWIFT_ACTIVE_COMPILATION_CONDITIONS = DEBUG;
				SWIFT_OPTIMIZATION_LEVEL = "-Onone";
			};
			name = Debug;
		};
		FDE0CEB22A00F8390023F784 /* Release */ = {
			isa = XCBuildConfiguration;
			buildSettings = {
				ALWAYS_SEARCH_USER_PATHS = NO;
				CLANG_ANALYZER_NONNULL = YES;
				CLANG_ANALYZER_NUMBER_OBJECT_CONVERSION = YES_AGGRESSIVE;
				CLANG_CXX_LANGUAGE_STANDARD = "gnu++20";
				CLANG_ENABLE_MODULES = YES;
				CLANG_ENABLE_OBJC_ARC = YES;
				CLANG_ENABLE_OBJC_WEAK = YES;
				CLANG_WARN_BLOCK_CAPTURE_AUTORELEASING = YES;
				CLANG_WARN_BOOL_CONVERSION = YES;
				CLANG_WARN_COMMA = YES;
				CLANG_WARN_CONSTANT_CONVERSION = YES;
				CLANG_WARN_DEPRECATED_OBJC_IMPLEMENTATIONS = YES;
				CLANG_WARN_DIRECT_OBJC_ISA_USAGE = YES_ERROR;
				CLANG_WARN_DOCUMENTATION_COMMENTS = YES;
				CLANG_WARN_EMPTY_BODY = YES;
				CLANG_WARN_ENUM_CONVERSION = YES;
				CLANG_WARN_INFINITE_RECURSION = YES;
				CLANG_WARN_INT_CONVERSION = YES;
				CLANG_WARN_NON_LITERAL_NULL_CONVERSION = YES;
				CLANG_WARN_OBJC_IMPLICIT_RETAIN_SELF = YES;
				CLANG_WARN_OBJC_LITERAL_CONVERSION = YES;
				CLANG_WARN_OBJC_ROOT_CLASS = YES_ERROR;
				CLANG_WARN_QUOTED_INCLUDE_IN_FRAMEWORK_HEADER = YES;
				CLANG_WARN_RANGE_LOOP_ANALYSIS = YES;
				CLANG_WARN_STRICT_PROTOTYPES = YES;
				CLANG_WARN_SUSPICIOUS_MOVE = YES;
				CLANG_WARN_UNGUARDED_AVAILABILITY = YES_AGGRESSIVE;
				CLANG_WARN_UNREACHABLE_CODE = YES;
				CLANG_WARN__DUPLICATE_METHOD_MATCH = YES;
				COPY_PHASE_STRIP = NO;
				DEBUG_INFORMATION_FORMAT = "dwarf-with-dsym";
				ENABLE_NS_ASSERTIONS = NO;
				ENABLE_STRICT_OBJC_MSGSEND = YES;
				GCC_C_LANGUAGE_STANDARD = gnu11;
				GCC_NO_COMMON_BLOCKS = YES;
				GCC_WARN_64_TO_32_BIT_CONVERSION = YES;
				GCC_WARN_ABOUT_RETURN_TYPE = YES_ERROR;
				GCC_WARN_UNDECLARED_SELECTOR = YES;
				GCC_WARN_UNINITIALIZED_AUTOS = YES_AGGRESSIVE;
				GCC_WARN_UNUSED_FUNCTION = YES;
				GCC_WARN_UNUSED_VARIABLE = YES;
				IPHONEOS_DEPLOYMENT_TARGET = 15.0;
				MTL_ENABLE_DEBUG_INFO = NO;
				MTL_FAST_MATH = YES;
				SDKROOT = iphoneos;
				SWIFT_COMPILATION_MODE = wholemodule;
				SWIFT_OPTIMIZATION_LEVEL = "-O";
				VALIDATE_PRODUCT = YES;
			};
			name = Release;
		};
		FDE0CEB42A00F8390023F784 /* Debug */ = {
			isa = XCBuildConfiguration;
			buildSettings = {
				ASSETCATALOG_COMPILER_APPICON_NAME = AppIcon;
				ASSETCATALOG_COMPILER_GLOBAL_ACCENT_COLOR_NAME = AccentColor;
				CODE_SIGN_STYLE = Automatic;
				CURRENT_PROJECT_VERSION = 0.1.0;
				DEVELOPMENT_ASSET_PATHS = "\"Woof/Preview Content\"";
				ENABLE_PREVIEWS = YES;
				GENERATE_INFOPLIST_FILE = YES;
				INFOPLIST_KEY_UIApplicationSceneManifest_Generation = YES;
				INFOPLIST_KEY_UIApplicationSupportsIndirectInputEvents = YES;
				INFOPLIST_KEY_UILaunchScreen_Generation = YES;
				INFOPLIST_KEY_UISupportedInterfaceOrientations = UIInterfaceOrientationPortrait;
				INFOPLIST_KEY_UISupportedInterfaceOrientations_iPad = "";
				INFOPLIST_KEY_UIUserInterfaceStyle = Light;
				IPHONEOS_DEPLOYMENT_TARGET = 15.0;
				LD_RUNPATH_SEARCH_PATHS = (
					"$(inherited)",
					"@executable_path/Frameworks",
				);
				MARKETING_VERSION = 0.1.0;
				PRODUCT_BUNDLE_IDENTIFIER = com.iron.foundation.Woof;
				PRODUCT_NAME = "$(TARGET_NAME)";
				SUPPORTED_PLATFORMS = "iphoneos iphonesimulator";
				SUPPORTS_MACCATALYST = NO;
				SUPPORTS_MAC_DESIGNED_FOR_IPHONE_IPAD = NO;
				SWIFT_EMIT_LOC_STRINGS = YES;
				SWIFT_VERSION = 5.0;
				TARGETED_DEVICE_FAMILY = 1;
			};
			name = Debug;
		};
		FDE0CEB52A00F8390023F784 /* Release */ = {
			isa = XCBuildConfiguration;
			buildSettings = {
				ASSETCATALOG_COMPILER_APPICON_NAME = AppIcon;
				ASSETCATALOG_COMPILER_GLOBAL_ACCENT_COLOR_NAME = AccentColor;
				CODE_SIGN_STYLE = Automatic;
				CURRENT_PROJECT_VERSION = 0.1.0;
				DEVELOPMENT_ASSET_PATHS = "\"Woof/Preview Content\"";
				ENABLE_PREVIEWS = YES;
				GENERATE_INFOPLIST_FILE = YES;
				INFOPLIST_KEY_UIApplicationSceneManifest_Generation = YES;
				INFOPLIST_KEY_UIApplicationSupportsIndirectInputEvents = YES;
				INFOPLIST_KEY_UILaunchScreen_Generation = YES;
				INFOPLIST_KEY_UISupportedInterfaceOrientations = UIInterfaceOrientationPortrait;
				INFOPLIST_KEY_UISupportedInterfaceOrientations_iPad = "";
				INFOPLIST_KEY_UIUserInterfaceStyle = Light;
				IPHONEOS_DEPLOYMENT_TARGET = 15.0;
				LD_RUNPATH_SEARCH_PATHS = (
					"$(inherited)",
					"@executable_path/Frameworks",
				);
				MARKETING_VERSION = 0.1.0;
				PRODUCT_BUNDLE_IDENTIFIER = com.iron.foundation.Woof;
				PRODUCT_NAME = "$(TARGET_NAME)";
				SUPPORTED_PLATFORMS = "iphoneos iphonesimulator";
				SUPPORTS_MACCATALYST = NO;
				SUPPORTS_MAC_DESIGNED_FOR_IPHONE_IPAD = NO;
				SWIFT_EMIT_LOC_STRINGS = YES;
				SWIFT_VERSION = 5.0;
				TARGETED_DEVICE_FAMILY = 1;
			};
			name = Release;
		};
/* End XCBuildConfiguration section */

/* Begin XCConfigurationList section */
		FDD143FA2A052A11000BBA77 /* Build configuration list for PBXNativeTarget "WoofTests" */ = {
			isa = XCConfigurationList;
			buildConfigurations = (
				FDD143FB2A052A11000BBA77 /* Debug */,
				FDD143FC2A052A11000BBA77 /* Release */,
			);
			defaultConfigurationIsVisible = 0;
			defaultConfigurationName = Release;
		};
		FDE0CEA02A00F8370023F784 /* Build configuration list for PBXProject "Woof" */ = {
			isa = XCConfigurationList;
			buildConfigurations = (
				FDE0CEB12A00F8390023F784 /* Debug */,
				FDE0CEB22A00F8390023F784 /* Release */,
			);
			defaultConfigurationIsVisible = 0;
			defaultConfigurationName = Release;
		};
		FDE0CEB32A00F8390023F784 /* Build configuration list for PBXNativeTarget "Woof" */ = {
			isa = XCConfigurationList;
			buildConfigurations = (
				FDE0CEB42A00F8390023F784 /* Debug */,
				FDE0CEB52A00F8390023F784 /* Release */,
			);
			defaultConfigurationIsVisible = 0;
			defaultConfigurationName = Release;
		};
/* End XCConfigurationList section */
	};
	rootObject = FDE0CE9D2A00F8370023F784 /* Project object */;
}
