// !$*UTF8*$!
{
	archiveVersion = 1;
	classes = {
	};
	objectVersion = 56;
	objects = {

/* Begin PBXBuildFile section */
		3673D6372A04F7FD009D699D /* PetOwner.swift in Sources */ = {isa = PBXBuildFile; fileRef = 3673D6362A04F7FD009D699D /* PetOwner.swift */; };
		FD1FA3B52A090916000A3A91 /* Sitter.swift in Sources */ = {isa = PBXBuildFile; fileRef = FDD143CC2A03E575000BBA77 /* Sitter.swift */; };
		FD1FA3C32A0A682E000A3A91 /* SitterCardViewModel.swift in Sources */ = {isa = PBXBuildFile; fileRef = FD1FA3C22A0A682E000A3A91 /* SitterCardViewModel.swift */; };
		FD1FA3C92A0A7783000A3A91 /* SitterCardView.swift in Sources */ = {isa = PBXBuildFile; fileRef = FD1FA3C82A0A7783000A3A91 /* SitterCardView.swift */; };
		FD1FA3CC2A0A781E000A3A91 /* Sitter+DummyData.swift in Sources */ = {isa = PBXBuildFile; fileRef = FD1FA3CB2A0A781E000A3A91 /* Sitter+DummyData.swift */; };
		FD37A9902A0B65120001BABB /* DataTransformer.swift in Sources */ = {isa = PBXBuildFile; fileRef = FD37A98F2A0B65120001BABB /* DataTransformer.swift */; };
		FD37A9942A0B6E960001BABB /* DataTransformerTests.swift in Sources */ = {isa = PBXBuildFile; fileRef = FD37A9932A0B6E960001BABB /* DataTransformerTests.swift */; };
		FD37A9952A0B6EA90001BABB /* DataTransformer.swift in Sources */ = {isa = PBXBuildFile; fileRef = FD37A98F2A0B65120001BABB /* DataTransformer.swift */; };
		FDD143C72A03BD48000BBA77 /* OwnerMainTabView.swift in Sources */ = {isa = PBXBuildFile; fileRef = FDD143C62A03BD48000BBA77 /* OwnerMainTabView.swift */; };
		FDD143CB2A03C629000BBA77 /* Color+Extension.swift in Sources */ = {isa = PBXBuildFile; fileRef = FDD143CA2A03C629000BBA77 /* Color+Extension.swift */; };
		FDD143E02A051F96000BBA77 /* OwnerMainTabView+Extension.swift in Sources */ = {isa = PBXBuildFile; fileRef = FDD143DF2A051F96000BBA77 /* OwnerMainTabView+Extension.swift */; };
		FDD143E22A05233B000BBA77 /* Image+Extension.swift in Sources */ = {isa = PBXBuildFile; fileRef = FDD143E12A05233B000BBA77 /* Image+Extension.swift */; };
		FDD143F72A052A11000BBA77 /* AppColorSchemeTests.swift in Sources */ = {isa = PBXBuildFile; fileRef = FDD143F62A052A11000BBA77 /* AppColorSchemeTests.swift */; };
		FDD143FE2A052D5A000BBA77 /* Color+Extension.swift in Sources */ = {isa = PBXBuildFile; fileRef = FDD143CA2A03C629000BBA77 /* Color+Extension.swift */; };
		FDD143FF2A052D5E000BBA77 /* Image+Extension.swift in Sources */ = {isa = PBXBuildFile; fileRef = FDD143E12A05233B000BBA77 /* Image+Extension.swift */; };
		FDD144012A0532D5000BBA77 /* ImageNamesTests.swift in Sources */ = {isa = PBXBuildFile; fileRef = FDD144002A0532D5000BBA77 /* ImageNamesTests.swift */; };
		FDE0CEA92A00F8370023F784 /* WoofApp.swift in Sources */ = {isa = PBXBuildFile; fileRef = FDE0CEA82A00F8370023F784 /* WoofApp.swift */; };
		FDE0CEAD2A00F8390023F784 /* Assets.xcassets in Resources */ = {isa = PBXBuildFile; fileRef = FDE0CEAC2A00F8390023F784 /* Assets.xcassets */; };
		FDE0CEB02A00F8390023F784 /* Preview Assets.xcassets in Resources */ = {isa = PBXBuildFile; fileRef = FDE0CEAF2A00F8390023F784 /* Preview Assets.xcassets */; };
/* End PBXBuildFile section */

/* Begin PBXContainerItemProxy section */
		FDD143F82A052A11000BBA77 /* PBXContainerItemProxy */ = {
			isa = PBXContainerItemProxy;
			containerPortal = FDE0CE9D2A00F8370023F784 /* Project object */;
			proxyType = 1;
			remoteGlobalIDString = FDE0CEA42A00F8370023F784;
			remoteInfo = Woof;
		};
/* End PBXContainerItemProxy section */

/* Begin PBXFileReference section */
		3673D6362A04F7FD009D699D /* PetOwner.swift */ = {isa = PBXFileReference; lastKnownFileType = sourcecode.swift; path = PetOwner.swift; sourceTree = "<group>"; };
		FD1FA3C22A0A682E000A3A91 /* SitterCardViewModel.swift */ = {isa = PBXFileReference; lastKnownFileType = sourcecode.swift; path = SitterCardViewModel.swift; sourceTree = "<group>"; };
		FD1FA3C82A0A7783000A3A91 /* SitterCardView.swift */ = {isa = PBXFileReference; lastKnownFileType = sourcecode.swift; path = SitterCardView.swift; sourceTree = "<group>"; };
		FD1FA3CB2A0A781E000A3A91 /* Sitter+DummyData.swift */ = {isa = PBXFileReference; lastKnownFileType = sourcecode.swift; path = "Sitter+DummyData.swift"; sourceTree = "<group>"; };
		FD37A98F2A0B65120001BABB /* DataTransformer.swift */ = {isa = PBXFileReference; lastKnownFileType = sourcecode.swift; path = DataTransformer.swift; sourceTree = "<group>"; };
		FD37A9932A0B6E960001BABB /* DataTransformerTests.swift */ = {isa = PBXFileReference; lastKnownFileType = sourcecode.swift; path = DataTransformerTests.swift; sourceTree = "<group>"; };
		FDD143C62A03BD48000BBA77 /* OwnerMainTabView.swift */ = {isa = PBXFileReference; lastKnownFileType = sourcecode.swift; path = OwnerMainTabView.swift; sourceTree = "<group>"; };
		FDD143CA2A03C629000BBA77 /* Color+Extension.swift */ = {isa = PBXFileReference; lastKnownFileType = sourcecode.swift; path = "Color+Extension.swift"; sourceTree = "<group>"; };
		FDD143CC2A03E575000BBA77 /* Sitter.swift */ = {isa = PBXFileReference; lastKnownFileType = sourcecode.swift; path = Sitter.swift; sourceTree = "<group>"; };
		FDD143DF2A051F96000BBA77 /* OwnerMainTabView+Extension.swift */ = {isa = PBXFileReference; lastKnownFileType = sourcecode.swift; path = "OwnerMainTabView+Extension.swift"; sourceTree = "<group>"; };
		FDD143E12A05233B000BBA77 /* Image+Extension.swift */ = {isa = PBXFileReference; lastKnownFileType = sourcecode.swift; path = "Image+Extension.swift"; sourceTree = "<group>"; };
		FDD143F42A052A11000BBA77 /* WoofTests.xctest */ = {isa = PBXFileReference; explicitFileType = wrapper.cfbundle; includeInIndex = 0; path = WoofTests.xctest; sourceTree = BUILT_PRODUCTS_DIR; };
		FDD143F62A052A11000BBA77 /* AppColorSchemeTests.swift */ = {isa = PBXFileReference; lastKnownFileType = sourcecode.swift; path = AppColorSchemeTests.swift; sourceTree = "<group>"; };
		FDD144002A0532D5000BBA77 /* ImageNamesTests.swift */ = {isa = PBXFileReference; lastKnownFileType = sourcecode.swift; path = ImageNamesTests.swift; sourceTree = "<group>"; };
		FDE0CEA52A00F8370023F784 /* Woof.app */ = {isa = PBXFileReference; explicitFileType = wrapper.application; includeInIndex = 0; path = Woof.app; sourceTree = BUILT_PRODUCTS_DIR; };
		FDE0CEA82A00F8370023F784 /* WoofApp.swift */ = {isa = PBXFileReference; lastKnownFileType = sourcecode.swift; path = WoofApp.swift; sourceTree = "<group>"; };
		FDE0CEAC2A00F8390023F784 /* Assets.xcassets */ = {isa = PBXFileReference; lastKnownFileType = folder.assetcatalog; path = Assets.xcassets; sourceTree = "<group>"; };
		FDE0CEAF2A00F8390023F784 /* Preview Assets.xcassets */ = {isa = PBXFileReference; lastKnownFileType = folder.assetcatalog; path = "Preview Assets.xcassets"; sourceTree = "<group>"; };
/* End PBXFileReference section */

/* Begin PBXFrameworksBuildPhase section */
		FDD143F12A052A11000BBA77 /* Frameworks */ = {
			isa = PBXFrameworksBuildPhase;
			buildActionMask = 2147483647;
			files = (
			);
			runOnlyForDeploymentPostprocessing = 0;
		};
		FDE0CEA22A00F8370023F784 /* Frameworks */ = {
			isa = PBXFrameworksBuildPhase;
			buildActionMask = 2147483647;
			files = (
			);
			runOnlyForDeploymentPostprocessing = 0;
		};
/* End PBXFrameworksBuildPhase section */

/* Begin PBXGroup section */
		FD1FA3C62A0A7737000A3A91 /* OwnerMainTabView */ = {
			isa = PBXGroup;
			children = (
				FDD143C62A03BD48000BBA77 /* OwnerMainTabView.swift */,
				FDD143DF2A051F96000BBA77 /* OwnerMainTabView+Extension.swift */,
			);
			path = OwnerMainTabView;
			sourceTree = "<group>";
		};
		FD1FA3C72A0A7764000A3A91 /* SitterListView */ = {
			isa = PBXGroup;
			children = (
				FD1FA3C82A0A7783000A3A91 /* SitterCardView.swift */,
			);
			path = SitterListView;
			sourceTree = "<group>";
		};
		FD1FA3CA2A0A77FE000A3A91 /* Sitter */ = {
			isa = PBXGroup;
			children = (
				FDD143CC2A03E575000BBA77 /* Sitter.swift */,
				FD1FA3CB2A0A781E000A3A91 /* Sitter+DummyData.swift */,
			);
			path = Sitter;
			sourceTree = "<group>";
		};
		FD1FA3CD2A0A7DDB000A3A91 /* Helpers */ = {
			isa = PBXGroup;
			children = (
				FDD143F62A052A11000BBA77 /* AppColorSchemeTests.swift */,
				FDD144002A0532D5000BBA77 /* ImageNamesTests.swift */,
				FD37A9932A0B6E960001BABB /* DataTransformerTests.swift */,
			);
			path = Helpers;
			sourceTree = "<group>";
		};
		FDD143F52A052A11000BBA77 /* WoofTests */ = {
			isa = PBXGroup;
			children = (
				FD1FA3CD2A0A7DDB000A3A91 /* Helpers */,
			);
			path = WoofTests;
			sourceTree = "<group>";
		};
		FDE0CE9C2A00F8370023F784 = {
			isa = PBXGroup;
			children = (
				FDE0CEA72A00F8370023F784 /* Woof */,
				FDD143F52A052A11000BBA77 /* WoofTests */,
				FDE0CEA62A00F8370023F784 /* Products */,
			);
			sourceTree = "<group>";
		};
		FDE0CEA62A00F8370023F784 /* Products */ = {
			isa = PBXGroup;
			children = (
				FDE0CEA52A00F8370023F784 /* Woof.app */,
				FDD143F42A052A11000BBA77 /* WoofTests.xctest */,
			);
			name = Products;
			sourceTree = "<group>";
		};
		FDE0CEA72A00F8370023F784 /* Woof */ = {
			isa = PBXGroup;
			children = (
				FDE0CEA82A00F8370023F784 /* WoofApp.swift */,
				FDE0CEBB2A0269280023F784 /* Model */,
				FDE0CEBA2A02691D0023F784 /* View */,
				FDE0CEBC2A02693A0023F784 /* View Model */,
				FDE0CEBD2A0269570023F784 /* Helper */,
				FDE0CEAC2A00F8390023F784 /* Assets.xcassets */,
				FDE0CEAE2A00F8390023F784 /* Preview Content */,
			);
			path = Woof;
			sourceTree = "<group>";
		};
		FDE0CEAE2A00F8390023F784 /* Preview Content */ = {
			isa = PBXGroup;
			children = (
				FDE0CEAF2A00F8390023F784 /* Preview Assets.xcassets */,
			);
			path = "Preview Content";
			sourceTree = "<group>";
		};
		FDE0CEBA2A02691D0023F784 /* View */ = {
			isa = PBXGroup;
			children = (
				FD1FA3C72A0A7764000A3A91 /* SitterListView */,
				FD1FA3C62A0A7737000A3A91 /* OwnerMainTabView */,
			);
			path = View;
			sourceTree = "<group>";
		};
		FDE0CEBB2A0269280023F784 /* Model */ = {
			isa = PBXGroup;
			children = (
				3673D6362A04F7FD009D699D /* PetOwner.swift */,
				FD1FA3CA2A0A77FE000A3A91 /* Sitter */,
			);
			path = Model;
			sourceTree = "<group>";
		};
		FDE0CEBC2A02693A0023F784 /* View Model */ = {
			isa = PBXGroup;
			children = (
				FD1FA3C22A0A682E000A3A91 /* SitterCardViewModel.swift */,
			);
			path = "View Model";
			sourceTree = "<group>";
		};
		FDE0CEBD2A0269570023F784 /* Helper */ = {
			isa = PBXGroup;
			children = (
				FDD143CA2A03C629000BBA77 /* Color+Extension.swift */,
				FDD143E12A05233B000BBA77 /* Image+Extension.swift */,
				FD37A98F2A0B65120001BABB /* DataTransformer.swift */,
			);
			path = Helper;
			sourceTree = "<group>";
		};
/* End PBXGroup section */

/* Begin PBXNativeTarget section */
		FDD143F32A052A11000BBA77 /* WoofTests */ = {
			isa = PBXNativeTarget;
			buildConfigurationList = FDD143FA2A052A11000BBA77 /* Build configuration list for PBXNativeTarget "WoofTests" */;
			buildPhases = (
				FDD143F02A052A11000BBA77 /* Sources */,
				FDD143F12A052A11000BBA77 /* Frameworks */,
				FDD143F22A052A11000BBA77 /* Resources */,
			);
			buildRules = (
			);
			dependencies = (
				FDD143F92A052A11000BBA77 /* PBXTargetDependency */,
			);
			name = WoofTests;
			productName = WoofTests;
			productReference = FDD143F42A052A11000BBA77 /* WoofTests.xctest */;
			productType = "com.apple.product-type.bundle.unit-test";
		};
		FDE0CEA42A00F8370023F784 /* Woof */ = {
			isa = PBXNativeTarget;
			buildConfigurationList = FDE0CEB32A00F8390023F784 /* Build configuration list for PBXNativeTarget "Woof" */;
			buildPhases = (
				FDE0CEA12A00F8370023F784 /* Sources */,
				FDE0CEA22A00F8370023F784 /* Frameworks */,
				FDE0CEA32A00F8370023F784 /* Resources */,
				FDE0CEB82A011BA10023F784 /* Swiftlint */,
				FDE0CEB92A011BBE0023F784 /* Swiftformat */,
			);
			buildRules = (
			);
			dependencies = (
			);
			name = Woof;
			productName = Woof;
			productReference = FDE0CEA52A00F8370023F784 /* Woof.app */;
			productType = "com.apple.product-type.application";
		};
/* End PBXNativeTarget section */

/* Begin PBXProject section */
		FDE0CE9D2A00F8370023F784 /* Project object */ = {
			isa = PBXProject;
			attributes = {
				BuildIndependentTargetsInParallel = 1;
				LastSwiftUpdateCheck = 1430;
				LastUpgradeCheck = 1430;
				TargetAttributes = {
					FDD143F32A052A11000BBA77 = {
						CreatedOnToolsVersion = 14.3;
						TestTargetID = FDE0CEA42A00F8370023F784;
					};
					FDE0CEA42A00F8370023F784 = {
						CreatedOnToolsVersion = 14.3;
					};
				};
			};
			buildConfigurationList = FDE0CEA02A00F8370023F784 /* Build configuration list for PBXProject "Woof" */;
			compatibilityVersion = "Xcode 14.0";
			developmentRegion = en;
			hasScannedForEncodings = 0;
			knownRegions = (
				en,
				Base,
			);
			mainGroup = FDE0CE9C2A00F8370023F784;
			productRefGroup = FDE0CEA62A00F8370023F784 /* Products */;
			projectDirPath = "";
			projectRoot = "";
			targets = (
				FDE0CEA42A00F8370023F784 /* Woof */,
				FDD143F32A052A11000BBA77 /* WoofTests */,
			);
		};
/* End PBXProject section */

/* Begin PBXResourcesBuildPhase section */
		FDD143F22A052A11000BBA77 /* Resources */ = {
			isa = PBXResourcesBuildPhase;
			buildActionMask = 2147483647;
			files = (
			);
			runOnlyForDeploymentPostprocessing = 0;
		};
		FDE0CEA32A00F8370023F784 /* Resources */ = {
			isa = PBXResourcesBuildPhase;
			buildActionMask = 2147483647;
			files = (
				FDE0CEB02A00F8390023F784 /* Preview Assets.xcassets in Resources */,
				FDE0CEAD2A00F8390023F784 /* Assets.xcassets in Resources */,
			);
			runOnlyForDeploymentPostprocessing = 0;
		};
/* End PBXResourcesBuildPhase section */

/* Begin PBXShellScriptBuildPhase section */
		FDE0CEB82A011BA10023F784 /* Swiftlint */ = {
			isa = PBXShellScriptBuildPhase;
			alwaysOutOfDate = 1;
			buildActionMask = 2147483647;
			files = (
			);
			inputFileListPaths = (
			);
			inputPaths = (
			);
			name = Swiftlint;
			outputFileListPaths = (
			);
			outputPaths = (
			);
			runOnlyForDeploymentPostprocessing = 0;
			shellPath = /bin/sh;
			shellScript = "export PATH=\"$PATH:/opt/homebrew/bin\"\nif which swiftlint > /dev/null; then\n  swiftlint --config ../.swiftlint.yml\nelse\n  echo \"warning: SwiftLint not installed, download from https://github.com/realm/SwiftLint\"\nfi\n";
		};
		FDE0CEB92A011BBE0023F784 /* Swiftformat */ = {
			isa = PBXShellScriptBuildPhase;
			alwaysOutOfDate = 1;
			buildActionMask = 2147483647;
			files = (
			);
			inputFileListPaths = (
			);
			inputPaths = (
			);
			name = Swiftformat;
			outputFileListPaths = (
			);
			outputPaths = (
			);
			runOnlyForDeploymentPostprocessing = 0;
			shellPath = /bin/sh;
			shellScript = "export PATH=\"$PATH:/opt/homebrew/bin\"\nif which swiftformat >/dev/null; then\n  swiftformat --config \"../.swiftformat\" .\nelse\n  echo \"warning: SwiftFormat not installed, download from https://github.com/nicklockwood/SwiftFormat\"\nfi\n";
		};
/* End PBXShellScriptBuildPhase section */

/* Begin PBXSourcesBuildPhase section */
		FDD143F02A052A11000BBA77 /* Sources */ = {
			isa = PBXSourcesBuildPhase;
			buildActionMask = 2147483647;
			files = (
				FD37A9942A0B6E960001BABB /* DataTransformerTests.swift in Sources */,
				FDD143F72A052A11000BBA77 /* AppColorSchemeTests.swift in Sources */,
				FDD143FE2A052D5A000BBA77 /* Color+Extension.swift in Sources */,
				FDD144012A0532D5000BBA77 /* ImageNamesTests.swift in Sources */,
				FDD143FF2A052D5E000BBA77 /* Image+Extension.swift in Sources */,
				FD37A9952A0B6EA90001BABB /* DataTransformer.swift in Sources */,
			);
			runOnlyForDeploymentPostprocessing = 0;
		};
		FDE0CEA12A00F8370023F784 /* Sources */ = {
			isa = PBXSourcesBuildPhase;
			buildActionMask = 2147483647;
			files = (
				FD1FA3B52A090916000A3A91 /* Sitter.swift in Sources */,
				FDD143E22A05233B000BBA77 /* Image+Extension.swift in Sources */,
				FDD143C72A03BD48000BBA77 /* OwnerMainTabView.swift in Sources */,
				FDD143CB2A03C629000BBA77 /* Color+Extension.swift in Sources */,
				FDD143E02A051F96000BBA77 /* OwnerMainTabView+Extension.swift in Sources */,
				FD1FA3C92A0A7783000A3A91 /* SitterCardView.swift in Sources */,
				FD1FA3C32A0A682E000A3A91 /* SitterCardViewModel.swift in Sources */,
				3673D6372A04F7FD009D699D /* PetOwner.swift in Sources */,
				FD37A9902A0B65120001BABB /* DataTransformer.swift in Sources */,
				FDE0CEA92A00F8370023F784 /* WoofApp.swift in Sources */,
				FD1FA3CC2A0A781E000A3A91 /* Sitter+DummyData.swift in Sources */,
			);
			runOnlyForDeploymentPostprocessing = 0;
		};
/* End PBXSourcesBuildPhase section */

/* Begin PBXTargetDependency section */
		FDD143F92A052A11000BBA77 /* PBXTargetDependency */ = {
			isa = PBXTargetDependency;
			target = FDE0CEA42A00F8370023F784 /* Woof */;
			targetProxy = FDD143F82A052A11000BBA77 /* PBXContainerItemProxy */;
		};
/* End PBXTargetDependency section */

/* Begin XCBuildConfiguration section */
		FDD143FB2A052A11000BBA77 /* Debug */ = {
			isa = XCBuildConfiguration;
			buildSettings = {
				BUNDLE_LOADER = "$(TEST_HOST)";
				CODE_SIGN_STYLE = Automatic;
				CURRENT_PROJECT_VERSION = 0.1.0;
				GENERATE_INFOPLIST_FILE = YES;
				INFOPLIST_KEY_UIUserInterfaceStyle = "$(MARKETING_VERSION)";
				IPHONEOS_DEPLOYMENT_TARGET = 15.0;
				MARKETING_VERSION = 0.1.0;
				PRODUCT_BUNDLE_IDENTIFIER = com.iron.foundation.WoofTests;
				PRODUCT_NAME = "$(TARGET_NAME)";
				SUPPORTED_PLATFORMS = "iphoneos iphonesimulator";
				SUPPORTS_MACCATALYST = NO;
				SUPPORTS_MAC_DESIGNED_FOR_IPHONE_IPAD = NO;
				SWIFT_EMIT_LOC_STRINGS = NO;
				SWIFT_VERSION = 5.0;
				TARGETED_DEVICE_FAMILY = 1;
				TEST_HOST = "$(BUILT_PRODUCTS_DIR)/Woof.app/$(BUNDLE_EXECUTABLE_FOLDER_PATH)/Woof";
			};
			name = Debug;
		};
		FDD143FC2A052A11000BBA77 /* Release */ = {
			isa = XCBuildConfiguration;
			buildSettings = {
				BUNDLE_LOADER = "$(TEST_HOST)";
				CODE_SIGN_STYLE = Automatic;
				CURRENT_PROJECT_VERSION = 0.1.0;
				GENERATE_INFOPLIST_FILE = YES;
				INFOPLIST_KEY_UIUserInterfaceStyle = "$(MARKETING_VERSION)";
				IPHONEOS_DEPLOYMENT_TARGET = 15.0;
				MARKETING_VERSION = 0.1.0;
				PRODUCT_BUNDLE_IDENTIFIER = com.iron.foundation.WoofTests;
				PRODUCT_NAME = "$(TARGET_NAME)";
				SUPPORTED_PLATFORMS = "iphoneos iphonesimulator";
				SUPPORTS_MACCATALYST = NO;
				SUPPORTS_MAC_DESIGNED_FOR_IPHONE_IPAD = NO;
				SWIFT_EMIT_LOC_STRINGS = NO;
				SWIFT_VERSION = 5.0;
				TARGETED_DEVICE_FAMILY = 1;
				TEST_HOST = "$(BUILT_PRODUCTS_DIR)/Woof.app/$(BUNDLE_EXECUTABLE_FOLDER_PATH)/Woof";
			};
			name = Release;
		};
		FDE0CEB12A00F8390023F784 /* Debug */ = {
			isa = XCBuildConfiguration;
			buildSettings = {
				ALWAYS_SEARCH_USER_PATHS = NO;
				CLANG_ANALYZER_NONNULL = YES;
				CLANG_ANALYZER_NUMBER_OBJECT_CONVERSION = YES_AGGRESSIVE;
				CLANG_CXX_LANGUAGE_STANDARD = "gnu++20";
				CLANG_ENABLE_MODULES = YES;
				CLANG_ENABLE_OBJC_ARC = YES;
				CLANG_ENABLE_OBJC_WEAK = YES;
				CLANG_WARN_BLOCK_CAPTURE_AUTORELEASING = YES;
				CLANG_WARN_BOOL_CONVERSION = YES;
				CLANG_WARN_COMMA = YES;
				CLANG_WARN_CONSTANT_CONVERSION = YES;
				CLANG_WARN_DEPRECATED_OBJC_IMPLEMENTATIONS = YES;
				CLANG_WARN_DIRECT_OBJC_ISA_USAGE = YES_ERROR;
				CLANG_WARN_DOCUMENTATION_COMMENTS = YES;
				CLANG_WARN_EMPTY_BODY = YES;
				CLANG_WARN_ENUM_CONVERSION = YES;
				CLANG_WARN_INFINITE_RECURSION = YES;
				CLANG_WARN_INT_CONVERSION = YES;
				CLANG_WARN_NON_LITERAL_NULL_CONVERSION = YES;
				CLANG_WARN_OBJC_IMPLICIT_RETAIN_SELF = YES;
				CLANG_WARN_OBJC_LITERAL_CONVERSION = YES;
				CLANG_WARN_OBJC_ROOT_CLASS = YES_ERROR;
				CLANG_WARN_QUOTED_INCLUDE_IN_FRAMEWORK_HEADER = YES;
				CLANG_WARN_RANGE_LOOP_ANALYSIS = YES;
				CLANG_WARN_STRICT_PROTOTYPES = YES;
				CLANG_WARN_SUSPICIOUS_MOVE = YES;
				CLANG_WARN_UNGUARDED_AVAILABILITY = YES_AGGRESSIVE;
				CLANG_WARN_UNREACHABLE_CODE = YES;
				CLANG_WARN__DUPLICATE_METHOD_MATCH = YES;
				COPY_PHASE_STRIP = NO;
				DEBUG_INFORMATION_FORMAT = dwarf;
				ENABLE_STRICT_OBJC_MSGSEND = YES;
				ENABLE_TESTABILITY = YES;
				GCC_C_LANGUAGE_STANDARD = gnu11;
				GCC_DYNAMIC_NO_PIC = NO;
				GCC_NO_COMMON_BLOCKS = YES;
				GCC_OPTIMIZATION_LEVEL = 0;
				GCC_PREPROCESSOR_DEFINITIONS = (
					"DEBUG=1",
					"$(inherited)",
				);
				GCC_WARN_64_TO_32_BIT_CONVERSION = YES;
				GCC_WARN_ABOUT_RETURN_TYPE = YES_ERROR;
				GCC_WARN_UNDECLARED_SELECTOR = YES;
				GCC_WARN_UNINITIALIZED_AUTOS = YES_AGGRESSIVE;
				GCC_WARN_UNUSED_FUNCTION = YES;
				GCC_WARN_UNUSED_VARIABLE = YES;
				IPHONEOS_DEPLOYMENT_TARGET = 15.0;
				MTL_ENABLE_DEBUG_INFO = INCLUDE_SOURCE;
				MTL_FAST_MATH = YES;
				ONLY_ACTIVE_ARCH = YES;
				SDKROOT = iphoneos;
				SWIFT_ACTIVE_COMPILATION_CONDITIONS = DEBUG;
				SWIFT_OPTIMIZATION_LEVEL = "-Onone";
			};
			name = Debug;
		};
		FDE0CEB22A00F8390023F784 /* Release */ = {
			isa = XCBuildConfiguration;
			buildSettings = {
				ALWAYS_SEARCH_USER_PATHS = NO;
				CLANG_ANALYZER_NONNULL = YES;
				CLANG_ANALYZER_NUMBER_OBJECT_CONVERSION = YES_AGGRESSIVE;
				CLANG_CXX_LANGUAGE_STANDARD = "gnu++20";
				CLANG_ENABLE_MODULES = YES;
				CLANG_ENABLE_OBJC_ARC = YES;
				CLANG_ENABLE_OBJC_WEAK = YES;
				CLANG_WARN_BLOCK_CAPTURE_AUTORELEASING = YES;
				CLANG_WARN_BOOL_CONVERSION = YES;
				CLANG_WARN_COMMA = YES;
				CLANG_WARN_CONSTANT_CONVERSION = YES;
				CLANG_WARN_DEPRECATED_OBJC_IMPLEMENTATIONS = YES;
				CLANG_WARN_DIRECT_OBJC_ISA_USAGE = YES_ERROR;
				CLANG_WARN_DOCUMENTATION_COMMENTS = YES;
				CLANG_WARN_EMPTY_BODY = YES;
				CLANG_WARN_ENUM_CONVERSION = YES;
				CLANG_WARN_INFINITE_RECURSION = YES;
				CLANG_WARN_INT_CONVERSION = YES;
				CLANG_WARN_NON_LITERAL_NULL_CONVERSION = YES;
				CLANG_WARN_OBJC_IMPLICIT_RETAIN_SELF = YES;
				CLANG_WARN_OBJC_LITERAL_CONVERSION = YES;
				CLANG_WARN_OBJC_ROOT_CLASS = YES_ERROR;
				CLANG_WARN_QUOTED_INCLUDE_IN_FRAMEWORK_HEADER = YES;
				CLANG_WARN_RANGE_LOOP_ANALYSIS = YES;
				CLANG_WARN_STRICT_PROTOTYPES = YES;
				CLANG_WARN_SUSPICIOUS_MOVE = YES;
				CLANG_WARN_UNGUARDED_AVAILABILITY = YES_AGGRESSIVE;
				CLANG_WARN_UNREACHABLE_CODE = YES;
				CLANG_WARN__DUPLICATE_METHOD_MATCH = YES;
				COPY_PHASE_STRIP = NO;
				DEBUG_INFORMATION_FORMAT = "dwarf-with-dsym";
				ENABLE_NS_ASSERTIONS = NO;
				ENABLE_STRICT_OBJC_MSGSEND = YES;
				GCC_C_LANGUAGE_STANDARD = gnu11;
				GCC_NO_COMMON_BLOCKS = YES;
				GCC_WARN_64_TO_32_BIT_CONVERSION = YES;
				GCC_WARN_ABOUT_RETURN_TYPE = YES_ERROR;
				GCC_WARN_UNDECLARED_SELECTOR = YES;
				GCC_WARN_UNINITIALIZED_AUTOS = YES_AGGRESSIVE;
				GCC_WARN_UNUSED_FUNCTION = YES;
				GCC_WARN_UNUSED_VARIABLE = YES;
				IPHONEOS_DEPLOYMENT_TARGET = 15.0;
				MTL_ENABLE_DEBUG_INFO = NO;
				MTL_FAST_MATH = YES;
				SDKROOT = iphoneos;
				SWIFT_COMPILATION_MODE = wholemodule;
				SWIFT_OPTIMIZATION_LEVEL = "-O";
				VALIDATE_PRODUCT = YES;
			};
			name = Release;
		};
		FDE0CEB42A00F8390023F784 /* Debug */ = {
			isa = XCBuildConfiguration;
			buildSettings = {
				ASSETCATALOG_COMPILER_APPICON_NAME = AppIcon;
				ASSETCATALOG_COMPILER_GLOBAL_ACCENT_COLOR_NAME = AccentColor;
				CODE_SIGN_STYLE = Automatic;
				CURRENT_PROJECT_VERSION = 0.1.0;
				DEVELOPMENT_ASSET_PATHS = "\"Woof/Preview Content\"";
				ENABLE_PREVIEWS = YES;
				GENERATE_INFOPLIST_FILE = YES;
				INFOPLIST_KEY_UIApplicationSceneManifest_Generation = YES;
				INFOPLIST_KEY_UIApplicationSupportsIndirectInputEvents = YES;
				INFOPLIST_KEY_UILaunchScreen_Generation = YES;
				INFOPLIST_KEY_UISupportedInterfaceOrientations = UIInterfaceOrientationPortrait;
				INFOPLIST_KEY_UISupportedInterfaceOrientations_iPad = "";
				INFOPLIST_KEY_UIUserInterfaceStyle = Light;
				IPHONEOS_DEPLOYMENT_TARGET = 15.0;
				LD_RUNPATH_SEARCH_PATHS = (
					"$(inherited)",
					"@executable_path/Frameworks",
				);
				MARKETING_VERSION = 0.1.0;
				PRODUCT_BUNDLE_IDENTIFIER = com.iron.foundation.Woof;
				PRODUCT_NAME = "$(TARGET_NAME)";
				SUPPORTED_PLATFORMS = "iphoneos iphonesimulator";
				SUPPORTS_MACCATALYST = NO;
				SUPPORTS_MAC_DESIGNED_FOR_IPHONE_IPAD = NO;
				SWIFT_EMIT_LOC_STRINGS = YES;
				SWIFT_VERSION = 5.0;
				TARGETED_DEVICE_FAMILY = 1;
			};
			name = Debug;
		};
		FDE0CEB52A00F8390023F784 /* Release */ = {
			isa = XCBuildConfiguration;
			buildSettings = {
				ASSETCATALOG_COMPILER_APPICON_NAME = AppIcon;
				ASSETCATALOG_COMPILER_GLOBAL_ACCENT_COLOR_NAME = AccentColor;
				CODE_SIGN_STYLE = Automatic;
				CURRENT_PROJECT_VERSION = 0.1.0;
				DEVELOPMENT_ASSET_PATHS = "\"Woof/Preview Content\"";
				ENABLE_PREVIEWS = YES;
				GENERATE_INFOPLIST_FILE = YES;
				INFOPLIST_KEY_UIApplicationSceneManifest_Generation = YES;
				INFOPLIST_KEY_UIApplicationSupportsIndirectInputEvents = YES;
				INFOPLIST_KEY_UILaunchScreen_Generation = YES;
				INFOPLIST_KEY_UISupportedInterfaceOrientations = UIInterfaceOrientationPortrait;
				INFOPLIST_KEY_UISupportedInterfaceOrientations_iPad = "";
				INFOPLIST_KEY_UIUserInterfaceStyle = Light;
				IPHONEOS_DEPLOYMENT_TARGET = 15.0;
				LD_RUNPATH_SEARCH_PATHS = (
					"$(inherited)",
					"@executable_path/Frameworks",
				);
				MARKETING_VERSION = 0.1.0;
				PRODUCT_BUNDLE_IDENTIFIER = com.iron.foundation.Woof;
				PRODUCT_NAME = "$(TARGET_NAME)";
				SUPPORTED_PLATFORMS = "iphoneos iphonesimulator";
				SUPPORTS_MACCATALYST = NO;
				SUPPORTS_MAC_DESIGNED_FOR_IPHONE_IPAD = NO;
				SWIFT_EMIT_LOC_STRINGS = YES;
				SWIFT_VERSION = 5.0;
				TARGETED_DEVICE_FAMILY = 1;
			};
			name = Release;
		};
/* End XCBuildConfiguration section */

/* Begin XCConfigurationList section */
		FDD143FA2A052A11000BBA77 /* Build configuration list for PBXNativeTarget "WoofTests" */ = {
			isa = XCConfigurationList;
			buildConfigurations = (
				FDD143FB2A052A11000BBA77 /* Debug */,
				FDD143FC2A052A11000BBA77 /* Release */,
			);
			defaultConfigurationIsVisible = 0;
			defaultConfigurationName = Release;
		};
		FDE0CEA02A00F8370023F784 /* Build configuration list for PBXProject "Woof" */ = {
			isa = XCConfigurationList;
			buildConfigurations = (
				FDE0CEB12A00F8390023F784 /* Debug */,
				FDE0CEB22A00F8390023F784 /* Release */,
			);
			defaultConfigurationIsVisible = 0;
			defaultConfigurationName = Release;
		};
		FDE0CEB32A00F8390023F784 /* Build configuration list for PBXNativeTarget "Woof" */ = {
			isa = XCConfigurationList;
			buildConfigurations = (
				FDE0CEB42A00F8390023F784 /* Debug */,
				FDE0CEB52A00F8390023F784 /* Release */,
			);
			defaultConfigurationIsVisible = 0;
			defaultConfigurationName = Release;
		};
/* End XCConfigurationList section */
	};
	rootObject = FDE0CE9D2A00F8370023F784 /* Project object */;
}
